Microsoft Visual Studio Solution File, Format Version 12.00
# Visual Studio 15
Project("{FAE04EC0-301F-11D3-BF4B-00C04F79EFBC}") = "HelloWorld", "helloworld\HelloWorld.vs2017.netcore2_1.csproj", "{FBDAB658-9F80-4FEA-7DA3-5888504E98FE}"
EndProject
Global
	GlobalSection(SolutionConfigurationPlatforms) = preSolution
		Debug|Any CPU = Debug|Any CPU
		Release|Any CPU = Release|Any CPU
	EndGlobalSection
	GlobalSection(ProjectConfigurationPlatforms) = postSolution
		{FBDAB658-9F80-4FEA-7DA3-5888504E98FE}.Debug|Any CPU.ActiveCfg = Debug|Any CPU
		{FBDAB658-9F80-4FEA-7DA3-5888504E98FE}.Debug|Any CPU.Build.0 = Debug|Any CPU
		{FBDAB658-9F80-4FEA-7DA3-5888504E98FE}.Release|Any CPU.ActiveCfg = Release|Any CPU
		{FBDAB658-9F80-4FEA-7DA3-5888504E98FE}.Release|Any CPU.Build.0 = Release|Any CPU
	EndGlobalSection
	GlobalSection(SolutionProperties) = preSolution
		HideSolutionNode = FALSE
	EndGlobalSection
EndGlobal
