<?xml version="1.0" encoding="utf-8"?>
<Project ToolsVersion="17.0" xmlns="http://schemas.microsoft.com/developer/msbuild/2003">
  <ItemGroup>
    <ClCompile Include="..\codebase\FooBarProject\src\foobar.cpp">
      <Filter>src</Filter>
    </ClCompile>
    <ClCompile Include="..\codebase\FooBarProject\src\stdafx.cpp">
      <Filter>src</Filter>
    </ClCompile>
  </ItemGroup>
  <ItemGroup>
    <ClInclude Include="..\codebase\FooBarProject\include\foobar.h">
      <Filter>include</Filter>
    </ClInclude>
    <ClInclude Include="..\codebase\FooBarProject\include\stdafx.h">
      <Filter>include</Filter>
    </ClInclude>
  </ItemGroup>
  <ItemGroup>
    <Filter Include="include">
      <UniqueIdentifier>{0feb36d4-ded9-b510-4a82-8ce6435f7e81}</UniqueIdentifier>
    </Filter>
    <Filter Include="src">
      <UniqueIdentifier>{c202d925-8342-8cab-fbac-54dfa101ad31}</UniqueIdentifier>
    </Filter>
  </ItemGroup>
</Project>