Microsoft Visual Studio Solution File, Format Version 12.00
# Visual Studio 14
Project("{FAE04EC0-301F-11D3-BF4B-00C04F79EFBC}") = "CSharpWCF", "csharpwcf\CSharpWCF.vs2015.v4_5_2.csproj", "{3D46B916-6806-3778-DB08-02BDDE768A39}"
EndProject
Project("{FAE04EC0-301F-11D3-BF4B-00C04F79EFBC}") = "CSharpWCFApp", "csharpwcfapp\CSharpWCFApp.vs2015.v4_5_2.csproj", "{742456DD-70C9-26F7-F5DE-98386A8E8919}"
EndProject
Global
	GlobalSection(SolutionConfigurationPlatforms) = preSolution
		Debug|Any CPU = Debug|Any CPU
		Release|Any CPU = Release|Any CPU
	EndGlobalSection
	GlobalSection(ProjectConfigurationPlatforms) = postSolution
		{3D46B916-6806-3778-DB08-02BDDE768A39}.Debug|Any CPU.ActiveCfg = Debug|Any CPU
		{3D46B916-6806-3778-DB08-02BDDE768A39}.Debug|Any CPU.Build.0 = Debug|Any CPU
		{3D46B916-6806-3778-DB08-02BDDE768A39}.Release|Any CPU.ActiveCfg = Release|Any CPU
		{3D46B916-6806-3778-DB08-02BDDE768A39}.Release|Any CPU.Build.0 = Release|Any CPU
		{742456DD-70C9-26F7-F5DE-98386A8E8919}.Debug|Any CPU.ActiveCfg = Debug|Any CPU
		{742456DD-70C9-26F7-F5DE-98386A8E8919}.Debug|Any CPU.Build.0 = Debug|Any CPU
		{742456DD-70C9-26F7-F5DE-98386A8E8919}.Release|Any CPU.ActiveCfg = Release|Any CPU
		{742456DD-70C9-26F7-F5DE-98386A8E8919}.Release|Any CPU.Build.0 = Release|Any CPU
	EndGlobalSection
	GlobalSection(SolutionProperties) = preSolution
		HideSolutionNode = FALSE
	EndGlobalSection
EndGlobal
