Microsoft Visual Studio Solution File, Format Version 12.00
# Visual Studio 15
Project("{FAE04EC0-301F-11D3-BF4B-00C04F79EFBC}") = "HelloWorld", "helloworld\HelloWorld.vs2017.netcore1.csproj", "{A240D7B0-D45D-3CBB-E685-B98C47F85396}"
EndProject
Global
	GlobalSection(SolutionConfigurationPlatforms) = preSolution
		Debug|Any CPU = Debug|Any CPU
		Release|Any CPU = Release|Any CPU
	EndGlobalSection
	GlobalSection(ProjectConfigurationPlatforms) = postSolution
		{A240D7B0-D45D-3CBB-E685-B98C47F85396}.Debug|Any CPU.ActiveCfg = Debug|Any CPU
		{A240D7B0-D45D-3CBB-E685-B98C47F85396}.Debug|Any CPU.Build.0 = Debug|Any CPU
		{A240D7B0-D45D-3CBB-E685-B98C47F85396}.Release|Any CPU.ActiveCfg = Release|Any CPU
		{A240D7B0-D45D-3CBB-E685-B98C47F85396}.Release|Any CPU.Build.0 = Release|Any CPU
	EndGlobalSection
	GlobalSection(SolutionProperties) = preSolution
		HideSolutionNode = FALSE
	EndGlobalSection
EndGlobal
