Microsoft Visual Studio Solution File, Format Version 12.00
# Visual Studio 16
Project("{FAE04EC0-301F-11D3-BF4B-00C04F79EFBC}") = "HelloWorld", "helloworld\HelloWorld.vs2019.netcore2_0.csproj", "{361EB9E8-6330-A3EB-1537-B0DA78BC65F2}"
EndProject
Global
	GlobalSection(SolutionConfigurationPlatforms) = preSolution
		Debug|Any CPU = Debug|Any CPU
		Release|Any CPU = Release|Any CPU
	EndGlobalSection
	GlobalSection(ProjectConfigurationPlatforms) = postSolution
		{361EB9E8-6330-A3EB-1537-B0DA78BC65F2}.Debug|Any CPU.ActiveCfg = Debug|Any CPU
		{361EB9E8-6330-A3EB-1537-B0DA78BC65F2}.Debug|Any CPU.Build.0 = Debug|Any CPU
		{361EB9E8-6330-A3EB-1537-B0DA78BC65F2}.Release|Any CPU.ActiveCfg = Release|Any CPU
		{361EB9E8-6330-A3EB-1537-B0DA78BC65F2}.Release|Any CPU.Build.0 = Release|Any CPU
	EndGlobalSection
	GlobalSection(SolutionProperties) = preSolution
		HideSolutionNode = FALSE
	EndGlobalSection
EndGlobal
