Microsoft Visual Studio Solution File, Format Version 12.00
# Visual Studio 15
Project("{FAE04EC0-301F-11D3-BF4B-00C04F79EFBC}") = "PackageReferences", "packagereferences\PackageReferences.vs2017.v4_5.csproj", "{483911DF-DC29-B6DC-614A-9527B1F112E8}"
EndProject
Project("{8BC9CEB8-8B4A-11D0-8D11-00A0C91BC942}") = "PackageReferencesCPP", "packagereferencescpp\packagereferencescpp.vs2017.v4_5.vcxproj", "{7401537A-F3B7-C386-70A2-94CB74940693}"
EndProject
Global
	GlobalSection(SolutionConfigurationPlatforms) = preSolution
		Debug|x64 = Debug|x64
		Release|x64 = Release|x64
	EndGlobalSection
	GlobalSection(ProjectConfigurationPlatforms) = postSolution
		{483911DF-DC29-B6DC-614A-9527B1F112E8}.Debug|x64.ActiveCfg = Debug|x64
		{483911DF-DC29-B6DC-614A-9527B1F112E8}.Debug|x64.Build.0 = Debug|x64
		{483911DF-DC29-B6DC-614A-9527B1F112E8}.Release|x64.ActiveCfg = Release|x64
		{483911DF-DC29-B6DC-614A-9527B1F112E8}.Release|x64.Build.0 = Release|x64
		{7401537A-F3B7-C386-70A2-94CB74940693}.Debug|x64.ActiveCfg = Debug|x64
		{7401537A-F3B7-C386-70A2-94CB74940693}.Debug|x64.Build.0 = Debug|x64
		{7401537A-F3B7-C386-70A2-94CB74940693}.Release|x64.ActiveCfg = Release|x64
		{7401537A-F3B7-C386-70A2-94CB74940693}.Release|x64.Build.0 = Release|x64
	EndGlobalSection
	GlobalSection(SolutionProperties) = preSolution
		HideSolutionNode = FALSE
	EndGlobalSection
EndGlobal
