Microsoft Visual Studio Solution File, Format Version 12.00
# Visual Studio 16
Project("{FAE04EC0-301F-11D3-BF4B-00C04F79EFBC}") = "PackageReferences", "packagereferences\PackageReferences.vs2019.v4_5.csproj", "{36575C87-902A-A901-282E-125121618256}"
EndProject
Global
	GlobalSection(SolutionConfigurationPlatforms) = preSolution
		Debug|Any CPU = Debug|Any CPU
		Release|Any CPU = Release|Any CPU
	EndGlobalSection
	GlobalSection(ProjectConfigurationPlatforms) = postSolution
		{36575C87-902A-A901-282E-125121618256}.Debug|Any CPU.ActiveCfg = Debug|Any CPU
		{36575C87-902A-A901-282E-125121618256}.Debug|Any CPU.Build.0 = Debug|Any CPU
		{36575C87-902A-A901-282E-125121618256}.Release|Any CPU.ActiveCfg = Release|Any CPU
		{36575C87-902A-A901-282E-125121618256}.Release|Any CPU.Build.0 = Release|Any CPU
	EndGlobalSection
	GlobalSection(SolutionProperties) = preSolution
		HideSolutionNode = FALSE
	EndGlobalSection
EndGlobal
