Microsoft Visual Studio Solution File, Format Version 12.00
# Visual Studio 15
Project("{FAE04EC0-301F-11D3-BF4B-00C04F79EFBC}") = "PackageReferences", "packagereferences\PackageReferences.vs2017.v4_7_2.csproj", "{EFF94431-45DF-6D89-7216-60D79A2DFD88}"
EndProject
Global
	GlobalSection(SolutionConfigurationPlatforms) = preSolution
		Debug|Any CPU = Debug|Any CPU
		Release|Any CPU = Release|Any CPU
	EndGlobalSection
	GlobalSection(ProjectConfigurationPlatforms) = postSolution
		{EFF94431-45DF-6D89-7216-60D79A2DFD88}.Debug|Any CPU.ActiveCfg = Debug|Any CPU
		{EFF94431-45DF-6D89-7216-60D79A2DFD88}.Debug|Any CPU.Build.0 = Debug|Any CPU
		{EFF94431-45DF-6D89-7216-60D79A2DFD88}.Release|Any CPU.ActiveCfg = Release|Any CPU
		{EFF94431-45DF-6D89-7216-60D79A2DFD88}.Release|Any CPU.Build.0 = Release|Any CPU
	EndGlobalSection
	GlobalSection(SolutionProperties) = preSolution
		HideSolutionNode = FALSE
	EndGlobalSection
EndGlobal
