Microsoft Visual Studio Solution File, Format Version 12.00
# Visual Studio 14
Project("{FAE04EC0-301F-11D3-BF4B-00C04F79EFBC}") = "PackageReferences", "packagereferences\PackageReferences.vs2015.v4_5.csproj", "{FF45B1FC-A77A-0607-80EF-9A177D621CBF}"
EndProject
Global
	GlobalSection(SolutionConfigurationPlatforms) = preSolution
		Debug|Any CPU = Debug|Any CPU
		Release|Any CPU = Release|Any CPU
	EndGlobalSection
	GlobalSection(ProjectConfigurationPlatforms) = postSolution
		{FF45B1FC-A77A-0607-80EF-9A177D621CBF}.Debug|Any CPU.ActiveCfg = Debug|Any CPU
		{FF45B1FC-A77A-0607-80EF-9A177D621CBF}.Debug|Any CPU.Build.0 = Debug|Any CPU
		{FF45B1FC-A77A-0607-80EF-9A177D621CBF}.Release|Any CPU.ActiveCfg = Release|Any CPU
		{FF45B1FC-A77A-0607-80EF-9A177D621CBF}.Release|Any CPU.Build.0 = Release|Any CPU
	EndGlobalSection
	GlobalSection(SolutionProperties) = preSolution
		HideSolutionNode = FALSE
	EndGlobalSection
EndGlobal
