Microsoft Visual Studio Solution File, Format Version 12.00
# Visual Studio 14
Project("{FAE04EC0-301F-11D3-BF4B-00C04F79EFBC}") = "PackageReferences", "packagereferences\PackageReferences.vs2015.v4_6_2.csproj", "{12F3BEF1-9767-C43D-7340-3A478212E3C6}"
EndProject
Global
	GlobalSection(SolutionConfigurationPlatforms) = preSolution
		Debug|Any CPU = Debug|Any CPU
		Release|Any CPU = Release|Any CPU
	EndGlobalSection
	GlobalSection(ProjectConfigurationPlatforms) = postSolution
		{12F3BEF1-9767-C43D-7340-3A478212E3C6}.Debug|Any CPU.ActiveCfg = Debug|Any CPU
		{12F3BEF1-9767-C43D-7340-3A478212E3C6}.Debug|Any CPU.Build.0 = Debug|Any CPU
		{12F3BEF1-9767-C43D-7340-3A478212E3C6}.Release|Any CPU.ActiveCfg = Release|Any CPU
		{12F3BEF1-9767-C43D-7340-3A478212E3C6}.Release|Any CPU.Build.0 = Release|Any CPU
	EndGlobalSection
	GlobalSection(SolutionProperties) = preSolution
		HideSolutionNode = FALSE
	EndGlobalSection
EndGlobal
