Microsoft Visual Studio Solution File, Format Version 12.00
# Visual Studio 14
Project("{2150E333-8FDC-42A3-9474-1A3956D46DE8}") = "Platforms", "Platforms", "{6CA349ED-D54F-E547-E2AC-E11BEF4F21CF}"
EndProject
Project("{2150E333-8FDC-42A3-9474-1A3956D46DE8}") = "Samples", "Samples", "{33508DDB-C422-746D-6776-CCB54DBB91EB}"
EndProject
Project("{FAE04EC0-301F-11D3-BF4B-00C04F79EFBC}") = "ConfigureOrder", "samples\ConfigureOrder\ConfigureOrder.csproj", "{4385D784-B38F-6FC6-EE4F-2A50E4351B45}"
EndProject
Project("{FAE04EC0-301F-11D3-BF4B-00C04F79EFBC}") = "CPPCLI", "samples\CPPCLI\CPPCLI.csproj", "{FE362EC8-CF72-41A3-CDD8-1F35A62D4B5F}"
EndProject
Project("{FAE04EC0-301F-11D3-BF4B-00C04F79EFBC}") = "CSharpHelloWorld", "samples\CSharpHelloWorld\CSharpHelloWorld.csproj", "{C82C9D89-4442-DE90-7D49-FF993AAD9DF4}"
EndProject
Project("{FAE04EC0-301F-11D3-BF4B-00C04F79EFBC}") = "CSharpVsix", "samples\CSharpVsix\CSharpVsix.csproj", "{5655C13E-DB0E-E177-DADA-A0D6B684B3E4}"
EndProject
Project("{FAE04EC0-301F-11D3-BF4B-00C04F79EFBC}") = "HelloWorld", "samples\HelloWorld\HelloWorld.csproj", "{CD2B4085-3B62-B1D4-D2F2-9B88B490D0DE}"
EndProject
Project("{FAE04EC0-301F-11D3-BF4B-00C04F79EFBC}") = "PackageReferences", "samples\PackageReferences\PackageReferences.csproj", "{9EDE54DD-17A9-1B6A-9288-2694183C9347}"
EndProject
Project("{FAE04EC0-301F-11D3-BF4B-00C04F79EFBC}") = "Sharpmake", "Sharpmake\Sharpmake.csproj", "{15F793C7-9E88-64A9-591C-7244FCC6B771}"
EndProject
Project("{FAE04EC0-301F-11D3-BF4B-00C04F79EFBC}") = "Sharpmake.Application", "Sharpmake.Application\Sharpmake.Application.csproj", "{37CF3EE3-AFD3-3CC8-8F8E-B423292D491F}"
EndProject
Project("{FAE04EC0-301F-11D3-BF4B-00C04F79EFBC}") = "Sharpmake.CommonPlatforms", "Sharpmake.Platforms\Sharpmake.CommonPlatforms\Sharpmake.CommonPlatforms.csproj", "{3B476462-28E6-4640-4257-7942657699ED}"
EndProject
Project("{FAE04EC0-301F-11D3-BF4B-00C04F79EFBC}") = "Sharpmake.Generators", "Sharpmake.Generators\Sharpmake.Generators.csproj", "{844F66DE-B015-340E-720A-8E158B517E93}"
EndProject
Project("{FAE04EC0-301F-11D3-BF4B-00C04F79EFBC}") = "Sharpmake.UnitTests", "Sharpmake.UnitTests\Sharpmake.UnitTests.csproj", "{BE99068F-E9D0-EF2F-1ECE-CAAA3D6E2DF0}"
EndProject
Project("{FAE04EC0-301F-11D3-BF4B-00C04F79EFBC}") = "SharpmakeGen", "samples\SharpmakeGen\SharpmakeGen.csproj", "{C2F8D8B8-29F8-4117-62B6-F6E3E63C225B}"
EndProject
Project("{FAE04EC0-301F-11D3-BF4B-00C04F79EFBC}") = "SimpleExeLibDependency", "samples\SimpleExeLibDependency\SimpleExeLibDependency.csproj", "{128E20D6-0408-DD6C-4BA5-0B7A051E6734}"
EndProject
Project("{FAE04EC0-301F-11D3-BF4B-00C04F79EFBC}") = "SimpleNuGet", "SimpleNuGet\SimpleNuGet.csproj", "{D163B9B5-0A3D-9F09-F47E-83EB1485E2C0}"
EndProject
Global
	GlobalSection(SolutionConfigurationPlatforms) = preSolution
		Debug|Any CPU = Debug|Any CPU
		Release|Any CPU = Release|Any CPU
	EndGlobalSection
	GlobalSection(ProjectConfigurationPlatforms) = postSolution
		{4385D784-B38F-6FC6-EE4F-2A50E4351B45}.Debug|Any CPU.ActiveCfg = Debug|Any CPU
		{4385D784-B38F-6FC6-EE4F-2A50E4351B45}.Debug|Any CPU.Build.0 = Debug|Any CPU
		{4385D784-B38F-6FC6-EE4F-2A50E4351B45}.Release|Any CPU.ActiveCfg = Release|Any CPU
		{4385D784-B38F-6FC6-EE4F-2A50E4351B45}.Release|Any CPU.Build.0 = Release|Any CPU
		{FE362EC8-CF72-41A3-CDD8-1F35A62D4B5F}.Debug|Any CPU.ActiveCfg = Debug|Any CPU
		{FE362EC8-CF72-41A3-CDD8-1F35A62D4B5F}.Debug|Any CPU.Build.0 = Debug|Any CPU
		{FE362EC8-CF72-41A3-CDD8-1F35A62D4B5F}.Release|Any CPU.ActiveCfg = Release|Any CPU
		{FE362EC8-CF72-41A3-CDD8-1F35A62D4B5F}.Release|Any CPU.Build.0 = Release|Any CPU
		{C82C9D89-4442-DE90-7D49-FF993AAD9DF4}.Debug|Any CPU.ActiveCfg = Debug|Any CPU
		{C82C9D89-4442-DE90-7D49-FF993AAD9DF4}.Debug|Any CPU.Build.0 = Debug|Any CPU
		{C82C9D89-4442-DE90-7D49-FF993AAD9DF4}.Release|Any CPU.ActiveCfg = Release|Any CPU
		{C82C9D89-4442-DE90-7D49-FF993AAD9DF4}.Release|Any CPU.Build.0 = Release|Any CPU
		{5655C13E-DB0E-E177-DADA-A0D6B684B3E4}.Debug|Any CPU.ActiveCfg = Debug|Any CPU
		{5655C13E-DB0E-E177-DADA-A0D6B684B3E4}.Debug|Any CPU.Build.0 = Debug|Any CPU
		{5655C13E-DB0E-E177-DADA-A0D6B684B3E4}.Release|Any CPU.ActiveCfg = Release|Any CPU
		{5655C13E-DB0E-E177-DADA-A0D6B684B3E4}.Release|Any CPU.Build.0 = Release|Any CPU
		{CD2B4085-3B62-B1D4-D2F2-9B88B490D0DE}.Debug|Any CPU.ActiveCfg = Debug|Any CPU
		{CD2B4085-3B62-B1D4-D2F2-9B88B490D0DE}.Debug|Any CPU.Build.0 = Debug|Any CPU
		{CD2B4085-3B62-B1D4-D2F2-9B88B490D0DE}.Release|Any CPU.ActiveCfg = Release|Any CPU
		{CD2B4085-3B62-B1D4-D2F2-9B88B490D0DE}.Release|Any CPU.Build.0 = Release|Any CPU
		{9EDE54DD-17A9-1B6A-9288-2694183C9347}.Debug|Any CPU.ActiveCfg = Debug|Any CPU
		{9EDE54DD-17A9-1B6A-9288-2694183C9347}.Debug|Any CPU.Build.0 = Debug|Any CPU
		{9EDE54DD-17A9-1B6A-9288-2694183C9347}.Release|Any CPU.ActiveCfg = Release|Any CPU
		{9EDE54DD-17A9-1B6A-9288-2694183C9347}.Release|Any CPU.Build.0 = Release|Any CPU
		{15F793C7-9E88-64A9-591C-7244FCC6B771}.Debug|Any CPU.ActiveCfg = Debug|Any CPU
		{15F793C7-9E88-64A9-591C-7244FCC6B771}.Debug|Any CPU.Build.0 = Debug|Any CPU
		{15F793C7-9E88-64A9-591C-7244FCC6B771}.Release|Any CPU.ActiveCfg = Release|Any CPU
		{15F793C7-9E88-64A9-591C-7244FCC6B771}.Release|Any CPU.Build.0 = Release|Any CPU
		{37CF3EE3-AFD3-3CC8-8F8E-B423292D491F}.Debug|Any CPU.ActiveCfg = Debug|Any CPU
		{37CF3EE3-AFD3-3CC8-8F8E-B423292D491F}.Debug|Any CPU.Build.0 = Debug|Any CPU
		{37CF3EE3-AFD3-3CC8-8F8E-B423292D491F}.Release|Any CPU.ActiveCfg = Release|Any CPU
		{37CF3EE3-AFD3-3CC8-8F8E-B423292D491F}.Release|Any CPU.Build.0 = Release|Any CPU
		{3B476462-28E6-4640-4257-7942657699ED}.Debug|Any CPU.ActiveCfg = Debug|Any CPU
		{3B476462-28E6-4640-4257-7942657699ED}.Debug|Any CPU.Build.0 = Debug|Any CPU
		{3B476462-28E6-4640-4257-7942657699ED}.Release|Any CPU.ActiveCfg = Release|Any CPU
		{3B476462-28E6-4640-4257-7942657699ED}.Release|Any CPU.Build.0 = Release|Any CPU
		{844F66DE-B015-340E-720A-8E158B517E93}.Debug|Any CPU.ActiveCfg = Debug|Any CPU
		{844F66DE-B015-340E-720A-8E158B517E93}.Debug|Any CPU.Build.0 = Debug|Any CPU
		{844F66DE-B015-340E-720A-8E158B517E93}.Release|Any CPU.ActiveCfg = Release|Any CPU
		{844F66DE-B015-340E-720A-8E158B517E93}.Release|Any CPU.Build.0 = Release|Any CPU
		{BE99068F-E9D0-EF2F-1ECE-CAAA3D6E2DF0}.Debug|Any CPU.ActiveCfg = Debug|Any CPU
		{BE99068F-E9D0-EF2F-1ECE-CAAA3D6E2DF0}.Debug|Any CPU.Build.0 = Debug|Any CPU
		{BE99068F-E9D0-EF2F-1ECE-CAAA3D6E2DF0}.Release|Any CPU.ActiveCfg = Release|Any CPU
		{BE99068F-E9D0-EF2F-1ECE-CAAA3D6E2DF0}.Release|Any CPU.Build.0 = Release|Any CPU
		{C2F8D8B8-29F8-4117-62B6-F6E3E63C225B}.Debug|Any CPU.ActiveCfg = Debug|Any CPU
		{C2F8D8B8-29F8-4117-62B6-F6E3E63C225B}.Debug|Any CPU.Build.0 = Debug|Any CPU
		{C2F8D8B8-29F8-4117-62B6-F6E3E63C225B}.Release|Any CPU.ActiveCfg = Release|Any CPU
		{C2F8D8B8-29F8-4117-62B6-F6E3E63C225B}.Release|Any CPU.Build.0 = Release|Any CPU
		{128E20D6-0408-DD6C-4BA5-0B7A051E6734}.Debug|Any CPU.ActiveCfg = Debug|Any CPU
		{128E20D6-0408-DD6C-4BA5-0B7A051E6734}.Debug|Any CPU.Build.0 = Debug|Any CPU
		{128E20D6-0408-DD6C-4BA5-0B7A051E6734}.Release|Any CPU.ActiveCfg = Release|Any CPU
		{128E20D6-0408-DD6C-4BA5-0B7A051E6734}.Release|Any CPU.Build.0 = Release|Any CPU
		{D163B9B5-0A3D-9F09-F47E-83EB1485E2C0}.Debug|Any CPU.ActiveCfg = Debug|Any CPU
		{D163B9B5-0A3D-9F09-F47E-83EB1485E2C0}.Debug|Any CPU.Build.0 = Debug|Any CPU
		{D163B9B5-0A3D-9F09-F47E-83EB1485E2C0}.Release|Any CPU.ActiveCfg = Release|Any CPU
		{D163B9B5-0A3D-9F09-F47E-83EB1485E2C0}.Release|Any CPU.Build.0 = Release|Any CPU
	EndGlobalSection
	GlobalSection(SolutionProperties) = preSolution
		HideSolutionNode = FALSE
	EndGlobalSection
	GlobalSection(NestedProjects) = preSolution
		{4385D784-B38F-6FC6-EE4F-2A50E4351B45} = {33508DDB-C422-746D-6776-CCB54DBB91EB}
		{FE362EC8-CF72-41A3-CDD8-1F35A62D4B5F} = {33508DDB-C422-746D-6776-CCB54DBB91EB}
		{C82C9D89-4442-DE90-7D49-FF993AAD9DF4} = {33508DDB-C422-746D-6776-CCB54DBB91EB}
		{5655C13E-DB0E-E177-DADA-A0D6B684B3E4} = {33508DDB-C422-746D-6776-CCB54DBB91EB}
		{CD2B4085-3B62-B1D4-D2F2-9B88B490D0DE} = {33508DDB-C422-746D-6776-CCB54DBB91EB}
		{9EDE54DD-17A9-1B6A-9288-2694183C9347} = {33508DDB-C422-746D-6776-CCB54DBB91EB}
		{3B476462-28E6-4640-4257-7942657699ED} = {6CA349ED-D54F-E547-E2AC-E11BEF4F21CF}
		{C2F8D8B8-29F8-4117-62B6-F6E3E63C225B} = {33508DDB-C422-746D-6776-CCB54DBB91EB}
		{128E20D6-0408-DD6C-4BA5-0B7A051E6734} = {33508DDB-C422-746D-6776-CCB54DBB91EB}
	EndGlobalSection
EndGlobal
