Microsoft Visual Studio Solution File, Format Version 12.00
# Visual Studio 15
Project("{EAAC564B-F271-4B9C-99B6-F18BE0B11958}") = "AndroidPackage", "..\package\androidpackage.vs2017.androidproj", "{861F6C3E-2D55-2DCE-E388-1765A82512EC}"
EndProject
Project("{8BC9CEB8-8B4A-11D0-8D11-00A0C91BC942}") = "AndroidProject", "androidproject.vs2017.vcxproj", "{E09692CA-78FD-BBDD-B5EC-6E70493EC5E3}"
EndProject
Global
	GlobalSection(SolutionConfigurationPlatforms) = preSolution
		Debug|ARM = Debug|ARM
		Debug|ARM64 = Debug|ARM64
		Release|ARM = Release|ARM
		Release|ARM64 = Release|ARM64
	EndGlobalSection
	GlobalSection(ProjectConfigurationPlatforms) = postSolution
		{861F6C3E-2D55-2DCE-E388-1765A82512EC}.Debug|ARM.ActiveCfg = Debug|ARM
		{861F6C3E-2D55-2DCE-E388-1765A82512EC}.Debug|ARM.Build.0 = Debug|ARM
		{861F6C3E-2D55-2DCE-E388-1765A82512EC}.Debug|ARM.Deploy.0 = Debug|ARM
		{861F6C3E-2D55-2DCE-E388-1765A82512EC}.Debug|ARM64.ActiveCfg = Debug|ARM64
		{861F6C3E-2D55-2DCE-E388-1765A82512EC}.Debug|ARM64.Build.0 = Debug|ARM64
		{861F6C3E-2D55-2DCE-E388-1765A82512EC}.Debug|ARM64.Deploy.0 = Debug|ARM64
		{861F6C3E-2D55-2DCE-E388-1765A82512EC}.Release|ARM.ActiveCfg = Release|ARM
		{861F6C3E-2D55-2DCE-E388-1765A82512EC}.Release|ARM.Build.0 = Release|ARM
		{861F6C3E-2D55-2DCE-E388-1765A82512EC}.Release|ARM.Deploy.0 = Release|ARM
		{861F6C3E-2D55-2DCE-E388-1765A82512EC}.Release|ARM64.ActiveCfg = Release|ARM64
		{861F6C3E-2D55-2DCE-E388-1765A82512EC}.Release|ARM64.Build.0 = Release|ARM64
		{861F6C3E-2D55-2DCE-E388-1765A82512EC}.Release|ARM64.Deploy.0 = Release|ARM64
		{E09692CA-78FD-BBDD-B5EC-6E70493EC5E3}.Debug|ARM.ActiveCfg = Debug|ARM
		{E09692CA-78FD-BBDD-B5EC-6E70493EC5E3}.Debug|ARM.Build.0 = Debug|ARM
		{E09692CA-78FD-BBDD-B5EC-6E70493EC5E3}.Debug|ARM64.ActiveCfg = Debug|ARM64
		{E09692CA-78FD-BBDD-B5EC-6E70493EC5E3}.Debug|ARM64.Build.0 = Debug|ARM64
		{E09692CA-78FD-BBDD-B5EC-6E70493EC5E3}.Release|ARM.ActiveCfg = Release|ARM
		{E09692CA-78FD-BBDD-B5EC-6E70493EC5E3}.Release|ARM.Build.0 = Release|ARM
		{E09692CA-78FD-BBDD-B5EC-6E70493EC5E3}.Release|ARM64.ActiveCfg = Release|ARM64
		{E09692CA-78FD-BBDD-B5EC-6E70493EC5E3}.Release|ARM64.Build.0 = Release|ARM64
	EndGlobalSection
	GlobalSection(SolutionProperties) = preSolution
		HideSolutionNode = FALSE
	EndGlobalSection
EndGlobal
