Microsoft Visual Studio Solution File, Format Version 12.00
# Visual Studio 15
Project("{8BC9CEB8-8B4A-11D0-8D11-00A0C91BC942}") = "HelloWorld", "helloworld_vs2017_win32.vcxproj", "{1CDB6684-3971-D0D2-66A7-F8B55068B4AB}"
EndProject
Global
	GlobalSection(SolutionConfigurationPlatforms) = preSolution
		Debug|Win32 = Debug|Win32
	EndGlobalSection
	GlobalSection(ProjectConfigurationPlatforms) = postSolution
		{1CDB6684-3971-D0D2-66A7-F8B55068B4AB}.Debug|Win32.ActiveCfg = Debug|Win32
		{1CDB6684-3971-D0D2-66A7-F8B55068B4AB}.Debug|Win32.Build.0 = Debug|Win32
	EndGlobalSection
	GlobalSection(SolutionProperties) = preSolution
		HideSolutionNode = FALSE
	EndGlobalSection
EndGlobal
