Microsoft Visual Studio Solution File, Format Version 12.00
# Visual Studio Version 17
Project("{FAE04EC0-301F-11D3-BF4B-00C04F79EFBC}") = "HelloWorld", "helloworld\HelloWorld.vs2022.net7_0.csproj", "{1DD745A4-D7A9-3E6B-EE19-9BB041FC1EE0}"
EndProject
Global
	GlobalSection(SolutionConfigurationPlatforms) = preSolution
		Debug|Any CPU = Debug|Any CPU
		Release|Any CPU = Release|Any CPU
	EndGlobalSection
	GlobalSection(ProjectConfigurationPlatforms) = postSolution
		{1DD745A4-D7A9-3E6B-EE19-9BB041FC1EE0}.Debug|Any CPU.ActiveCfg = Debug|Any CPU
		{1DD745A4-D7A9-3E6B-EE19-9BB041FC1EE0}.Debug|Any CPU.Build.0 = Debug|Any CPU
		{1DD745A4-D7A9-3E6B-EE19-9BB041FC1EE0}.Release|Any CPU.ActiveCfg = Release|Any CPU
		{1DD745A4-D7A9-3E6B-EE19-9BB041FC1EE0}.Release|Any CPU.Build.0 = Release|Any CPU
	EndGlobalSection
	GlobalSection(SolutionProperties) = preSolution
		HideSolutionNode = FALSE
	EndGlobalSection
EndGlobal
