Microsoft Visual Studio Solution File, Format Version 12.00
# Visual Studio 15
Project("{FAE04EC0-301F-11D3-BF4B-00C04F79EFBC}") = "HelloWorld", "helloworld\HelloWorld.vs2017.v4_6_1.csproj", "{756E7D29-4FC3-9875-8B88-8C98634A56D5}"
EndProject
Project("{FAE04EC0-301F-11D3-BF4B-00C04F79EFBC}") = "HelloWorldReference", "helloworldreference\HelloWorldReference.vs2017.v4_6_1.csproj", "{74D7ADAE-D7B8-8401-A017-C88C6B875720}"
EndProject
Global
	GlobalSection(SolutionConfigurationPlatforms) = preSolution
		Debug|Any CPU = Debug|Any CPU
		Release|Any CPU = Release|Any CPU
	EndGlobalSection
	GlobalSection(ProjectConfigurationPlatforms) = postSolution
		{756E7D29-4FC3-9875-8B88-8C98634A56D5}.Debug|Any CPU.ActiveCfg = Debug|Any CPU
		{756E7D29-4FC3-9875-8B88-8C98634A56D5}.Debug|Any CPU.Build.0 = Debug|Any CPU
		{756E7D29-4FC3-9875-8B88-8C98634A56D5}.Release|Any CPU.ActiveCfg = Release|Any CPU
		{756E7D29-4FC3-9875-8B88-8C98634A56D5}.Release|Any CPU.Build.0 = Release|Any CPU
		{74D7ADAE-D7B8-8401-A017-C88C6B875720}.Debug|Any CPU.ActiveCfg = Debug|Any CPU
		{74D7ADAE-D7B8-8401-A017-C88C6B875720}.Debug|Any CPU.Build.0 = Debug|Any CPU
		{74D7ADAE-D7B8-8401-A017-C88C6B875720}.Release|Any CPU.ActiveCfg = Release|Any CPU
		{74D7ADAE-D7B8-8401-A017-C88C6B875720}.Release|Any CPU.Build.0 = Release|Any CPU
	EndGlobalSection
	GlobalSection(SolutionProperties) = preSolution
		HideSolutionNode = FALSE
	EndGlobalSection
EndGlobal
