Microsoft Visual Studio Solution File, Format Version 12.00
# Visual Studio Version 16
VisualStudioVersion = 16.0.29424.173
MinimumVisualStudioVersion = 10.0.40219.1
Project("{8BC9CEB8-8B4A-11D0-8D11-00A0C91BC942}") = "FastBuildSimpleExecutable", "fastbuildsimpleexecutable_vs2019_win64_msbuild.vcxproj", "{7BCB0529-5E7E-CDD9-F23C-C06302C1448B}"
EndProject
Global
	GlobalSection(SolutionConfigurationPlatforms) = preSolution
		Debug|x64 = Debug|x64
		Release|x64 = Release|x64
	EndGlobalSection
	GlobalSection(ProjectConfigurationPlatforms) = postSolution
		{7BCB0529-5E7E-CDD9-F23C-C06302C1448B}.Debug|x64.ActiveCfg = Debug|x64
		{7BCB0529-5E7E-CDD9-F23C-C06302C1448B}.Debug|x64.Build.0 = Debug|x64
		{7BCB0529-5E7E-CDD9-F23C-C06302C1448B}.Release|x64.ActiveCfg = Release|x64
		{7BCB0529-5E7E-CDD9-F23C-C06302C1448B}.Release|x64.Build.0 = Release|x64
	EndGlobalSection
	GlobalSection(SolutionProperties) = preSolution
		HideSolutionNode = FALSE
	EndGlobalSection
EndGlobal
