Microsoft Visual Studio Solution File, Format Version 12.00
# Visual Studio Version 16
VisualStudioVersion = 16.0.29424.173
MinimumVisualStudioVersion = 10.0.40219.1
Project("{2150E333-8FDC-42A3-9474-1A3956D46DE8}") = "FastBuild", "FastBuild", "{DD960562-8A51-64E6-3C0C-70331C285B31}"
	ProjectSection(SolutionItems) = preProject
		fastbuildfunctionaltest-globalsettings.bff = fastbuildfunctionaltest-globalsettings.bff
		fastbuildfunctionaltest.bff = fastbuildfunctionaltest.bff
	EndProjectSection
EndProject
Project("{8BC9CEB8-8B4A-11D0-8D11-00A0C91BC942}") = "ExplicitlyOrderedPostBuildTest", "explicitlyorderedpostbuildtest_vs2019_win64.vcxproj", "{E965FD55-C022-64FC-AB1B-9C299D53E107}"
EndProject
Project("{8BC9CEB8-8B4A-11D0-8D11-00A0C91BC942}") = "FastBuildFunctionalTest_All", "fastbuildfunctionaltest_all.vcxproj", "{6AE06EC2-B2C7-52F6-C657-FE1FFFA43666}"
EndProject
Project("{8BC9CEB8-8B4A-11D0-8D11-00A0C91BC942}") = "MixCppAndCExe", "mixcppandcexe_vs2019_win64.vcxproj", "{C987AAB6-A816-E538-96F5-B2B11C90C207}"
EndProject
Project("{8BC9CEB8-8B4A-11D0-8D11-00A0C91BC942}") = "PostBuildCopyDirTest", "postbuildcopydirtest_vs2019_win64.vcxproj", "{BC3341AC-FE51-B984-2CC3-805586205CBC}"
EndProject
Project("{8BC9CEB8-8B4A-11D0-8D11-00A0C91BC942}") = "PostBuildCopySingleFileTest", "postbuildcopysinglefiletest_vs2019_win64.vcxproj", "{6C284AF9-4231-78AB-754D-A7143C2B81DD}"
EndProject
Project("{8BC9CEB8-8B4A-11D0-8D11-00A0C91BC942}") = "PostBuildExecuteTest", "postbuildexecutetest_vs2019_win64.vcxproj", "{D4A0C206-AA95-4DD7-C15C-ACEF32DF514E}"
EndProject
Project("{8BC9CEB8-8B4A-11D0-8D11-00A0C91BC942}") = "PostBuildStamper", "postbuildstamper_vs2019_win64.vcxproj", "{2093F67D-893F-9F48-CE9C-D33ABE1E2BFF}"
EndProject
Project("{8BC9CEB8-8B4A-11D0-8D11-00A0C91BC942}") = "PostBuildStampTest", "postbuildstamptest_vs2019_win64.vcxproj", "{D6CD0AF8-4246-8B90-F4CC-FFEED89FA8C7}"
EndProject
Project("{8BC9CEB8-8B4A-11D0-8D11-00A0C91BC942}") = "PostBuildTestExecution", "postbuildtestexecution_vs2019_win64.vcxproj", "{6644576B-DABD-B111-1BB5-47804F5CE2DC}"
EndProject
Project("{8BC9CEB8-8B4A-11D0-8D11-00A0C91BC942}") = "RequirePreBuildStep", "requireprebuildstep_vs2019_win64.vcxproj", "{907F7CFF-3D45-EE04-7085-E9E2DB067942}"
EndProject
Project("{8BC9CEB8-8B4A-11D0-8D11-00A0C91BC942}") = "SimpleExeWithLib", "simpleexewithlib_vs2019_win64.vcxproj", "{66831DE7-5D2E-C368-ABD4-4F45E76AAFF3}"
EndProject
Project("{8BC9CEB8-8B4A-11D0-8D11-00A0C91BC942}") = "SimpleLib", "simplelib_vs2019_win64.vcxproj", "{42927944-97F0-ACD6-0787-AB607A15027F}"
EndProject
Project("{8BC9CEB8-8B4A-11D0-8D11-00A0C91BC942}") = "SpanMultipleSrcDirsFBNoBlobExclude", "spanmultiplesrcdirsfbnoblobexclude_vs2019_win64.vcxproj", "{9BA0D009-9D4F-6BD1-2245-32F2E42A6FA5}"
EndProject
Project("{8BC9CEB8-8B4A-11D0-8D11-00A0C91BC942}") = "SpanMultipleSrcDirsFBNoBlobInclude", "spanmultiplesrcdirsfbnoblobinclude_vs2019_win64.vcxproj", "{8DF6E677-91F0-4434-28CE-36FEC6B2B858}"
EndProject
Project("{8BC9CEB8-8B4A-11D0-8D11-00A0C91BC942}") = "SpanMultipleSrcDirsFBUnityExclude", "spanmultiplesrcdirsfbunityexclude_vs2019_win64.vcxproj", "{09B70182-6E14-896B-E2DF-B4874B8125B1}"
EndProject
Project("{8BC9CEB8-8B4A-11D0-8D11-00A0C91BC942}") = "SpanMultipleSrcDirsFBUnityInclude", "spanmultiplesrcdirsfbunityinclude_vs2019_win64.vcxproj", "{4CAA3DED-3DBD-71FD-8F76-B3B8ADFA2035}"
EndProject
Project("{8BC9CEB8-8B4A-11D0-8D11-00A0C91BC942}") = "SpanMultipleSrcDirsFBUnityIsolate", "spanmultiplesrcdirsfbunityisolate_vs2019_win64.vcxproj", "{CB3DB407-EB24-B12A-AAFB-A3BFFCA31040}"
EndProject
Project("{8BC9CEB8-8B4A-11D0-8D11-00A0C91BC942}") = "UsePrecompExe", "useprecompexe_vs2019_win64.vcxproj", "{3B88798D-8E0B-330F-7C31-7F761D686B03}"
EndProject
Global
	GlobalSection(SolutionConfigurationPlatforms) = preSolution
		Debug|FastBuild = Debug|FastBuild
		Debug|FastBuild_NoBlob = Debug|FastBuild_NoBlob
		Debug|MSBuild = Debug|MSBuild
		Release|FastBuild = Release|FastBuild
		Release|FastBuild_NoBlob = Release|FastBuild_NoBlob
		Release|MSBuild = Release|MSBuild
	EndGlobalSection
	GlobalSection(ProjectConfigurationPlatforms) = postSolution
		{E965FD55-C022-64FC-AB1B-9C299D53E107}.Debug|FastBuild.ActiveCfg = Debug_FastBuild_vs2019|x64
		{E965FD55-C022-64FC-AB1B-9C299D53E107}.Debug|FastBuild_NoBlob.ActiveCfg = Debug_FastBuild_NoBlob_vs2019|x64
		{E965FD55-C022-64FC-AB1B-9C299D53E107}.Debug|MSBuild.ActiveCfg = Debug_MSBuild_vs2019|x64
		{E965FD55-C022-64FC-AB1B-9C299D53E107}.Debug|MSBuild.Build.0 = Debug_MSBuild_vs2019|x64
		{E965FD55-C022-64FC-AB1B-9C299D53E107}.Release|FastBuild.ActiveCfg = Release_FastBuild_vs2019|x64
		{E965FD55-C022-64FC-AB1B-9C299D53E107}.Release|FastBuild_NoBlob.ActiveCfg = Release_FastBuild_NoBlob_vs2019|x64
		{E965FD55-C022-64FC-AB1B-9C299D53E107}.Release|MSBuild.ActiveCfg = Release_MSBuild_vs2019|x64
		{E965FD55-C022-64FC-AB1B-9C299D53E107}.Release|MSBuild.Build.0 = Release_MSBuild_vs2019|x64
		{6AE06EC2-B2C7-52F6-C657-FE1FFFA43666}.Debug|FastBuild.ActiveCfg = Debug_FastBuild_vs2019|x64
		{6AE06EC2-B2C7-52F6-C657-FE1FFFA43666}.Debug|FastBuild.Build.0 = Debug_FastBuild_vs2019|x64
		{6AE06EC2-B2C7-52F6-C657-FE1FFFA43666}.Debug|FastBuild_NoBlob.ActiveCfg = Debug_FastBuild_NoBlob_vs2019|x64
		{6AE06EC2-B2C7-52F6-C657-FE1FFFA43666}.Debug|FastBuild_NoBlob.Build.0 = Debug_FastBuild_NoBlob_vs2019|x64
		{6AE06EC2-B2C7-52F6-C657-FE1FFFA43666}.Debug|MSBuild.ActiveCfg = Debug_FastBuild_NoBlob_vs2019|x64
		{6AE06EC2-B2C7-52F6-C657-FE1FFFA43666}.Release|FastBuild.ActiveCfg = Release_FastBuild_vs2019|x64
		{6AE06EC2-B2C7-52F6-C657-FE1FFFA43666}.Release|FastBuild.Build.0 = Release_FastBuild_vs2019|x64
		{6AE06EC2-B2C7-52F6-C657-FE1FFFA43666}.Release|FastBuild_NoBlob.ActiveCfg = Release_FastBuild_NoBlob_vs2019|x64
		{6AE06EC2-B2C7-52F6-C657-FE1FFFA43666}.Release|FastBuild_NoBlob.Build.0 = Release_FastBuild_NoBlob_vs2019|x64
		{6AE06EC2-B2C7-52F6-C657-FE1FFFA43666}.Release|MSBuild.ActiveCfg = Release_FastBuild_NoBlob_vs2019|x64
		{C987AAB6-A816-E538-96F5-B2B11C90C207}.Debug|FastBuild.ActiveCfg = Debug_FastBuild_vs2019|x64
		{C987AAB6-A816-E538-96F5-B2B11C90C207}.Debug|FastBuild_NoBlob.ActiveCfg = Debug_FastBuild_NoBlob_vs2019|x64
		{C987AAB6-A816-E538-96F5-B2B11C90C207}.Debug|MSBuild.ActiveCfg = Debug_MSBuild_vs2019|x64
		{C987AAB6-A816-E538-96F5-B2B11C90C207}.Debug|MSBuild.Build.0 = Debug_MSBuild_vs2019|x64
		{C987AAB6-A816-E538-96F5-B2B11C90C207}.Release|FastBuild.ActiveCfg = Release_FastBuild_vs2019|x64
		{C987AAB6-A816-E538-96F5-B2B11C90C207}.Release|FastBuild_NoBlob.ActiveCfg = Release_FastBuild_NoBlob_vs2019|x64
		{C987AAB6-A816-E538-96F5-B2B11C90C207}.Release|MSBuild.ActiveCfg = Release_MSBuild_vs2019|x64
		{C987AAB6-A816-E538-96F5-B2B11C90C207}.Release|MSBuild.Build.0 = Release_MSBuild_vs2019|x64
		{BC3341AC-FE51-B984-2CC3-805586205CBC}.Debug|FastBuild.ActiveCfg = Debug_FastBuild_vs2019|x64
		{BC3341AC-FE51-B984-2CC3-805586205CBC}.Debug|FastBuild_NoBlob.ActiveCfg = Debug_FastBuild_NoBlob_vs2019|x64
		{BC3341AC-FE51-B984-2CC3-805586205CBC}.Debug|MSBuild.ActiveCfg = Debug_MSBuild_vs2019|x64
		{BC3341AC-FE51-B984-2CC3-805586205CBC}.Debug|MSBuild.Build.0 = Debug_MSBuild_vs2019|x64
		{BC3341AC-FE51-B984-2CC3-805586205CBC}.Release|FastBuild.ActiveCfg = Release_FastBuild_vs2019|x64
		{BC3341AC-FE51-B984-2CC3-805586205CBC}.Release|FastBuild_NoBlob.ActiveCfg = Release_FastBuild_NoBlob_vs2019|x64
		{BC3341AC-FE51-B984-2CC3-805586205CBC}.Release|MSBuild.ActiveCfg = Release_MSBuild_vs2019|x64
		{BC3341AC-FE51-B984-2CC3-805586205CBC}.Release|MSBuild.Build.0 = Release_MSBuild_vs2019|x64
		{6C284AF9-4231-78AB-754D-A7143C2B81DD}.Debug|FastBuild.ActiveCfg = Debug_FastBuild_vs2019|x64
		{6C284AF9-4231-78AB-754D-A7143C2B81DD}.Debug|FastBuild_NoBlob.ActiveCfg = Debug_FastBuild_NoBlob_vs2019|x64
		{6C284AF9-4231-78AB-754D-A7143C2B81DD}.Debug|MSBuild.ActiveCfg = Debug_MSBuild_vs2019|x64
		{6C284AF9-4231-78AB-754D-A7143C2B81DD}.Debug|MSBuild.Build.0 = Debug_MSBuild_vs2019|x64
		{6C284AF9-4231-78AB-754D-A7143C2B81DD}.Release|FastBuild.ActiveCfg = Release_FastBuild_vs2019|x64
		{6C284AF9-4231-78AB-754D-A7143C2B81DD}.Release|FastBuild_NoBlob.ActiveCfg = Release_FastBuild_NoBlob_vs2019|x64
		{6C284AF9-4231-78AB-754D-A7143C2B81DD}.Release|MSBuild.ActiveCfg = Release_MSBuild_vs2019|x64
		{6C284AF9-4231-78AB-754D-A7143C2B81DD}.Release|MSBuild.Build.0 = Release_MSBuild_vs2019|x64
		{D4A0C206-AA95-4DD7-C15C-ACEF32DF514E}.Debug|FastBuild.ActiveCfg = Debug_FastBuild_vs2019|x64
		{D4A0C206-AA95-4DD7-C15C-ACEF32DF514E}.Debug|FastBuild_NoBlob.ActiveCfg = Debug_FastBuild_NoBlob_vs2019|x64
		{D4A0C206-AA95-4DD7-C15C-ACEF32DF514E}.Debug|MSBuild.ActiveCfg = Debug_MSBuild_vs2019|x64
		{D4A0C206-AA95-4DD7-C15C-ACEF32DF514E}.Debug|MSBuild.Build.0 = Debug_MSBuild_vs2019|x64
		{D4A0C206-AA95-4DD7-C15C-ACEF32DF514E}.Release|FastBuild.ActiveCfg = Release_FastBuild_vs2019|x64
		{D4A0C206-AA95-4DD7-C15C-ACEF32DF514E}.Release|FastBuild_NoBlob.ActiveCfg = Release_FastBuild_NoBlob_vs2019|x64
		{D4A0C206-AA95-4DD7-C15C-ACEF32DF514E}.Release|MSBuild.ActiveCfg = Release_MSBuild_vs2019|x64
		{D4A0C206-AA95-4DD7-C15C-ACEF32DF514E}.Release|MSBuild.Build.0 = Release_MSBuild_vs2019|x64
		{2093F67D-893F-9F48-CE9C-D33ABE1E2BFF}.Debug|FastBuild.ActiveCfg = Debug_FastBuild_vs2019|x64
		{2093F67D-893F-9F48-CE9C-D33ABE1E2BFF}.Debug|FastBuild_NoBlob.ActiveCfg = Debug_FastBuild_NoBlob_vs2019|x64
		{2093F67D-893F-9F48-CE9C-D33ABE1E2BFF}.Debug|MSBuild.ActiveCfg = Debug_MSBuild_vs2019|x64
		{2093F67D-893F-9F48-CE9C-D33ABE1E2BFF}.Debug|MSBuild.Build.0 = Debug_MSBuild_vs2019|x64
		{2093F67D-893F-9F48-CE9C-D33ABE1E2BFF}.Release|FastBuild.ActiveCfg = Release_FastBuild_vs2019|x64
		{2093F67D-893F-9F48-CE9C-D33ABE1E2BFF}.Release|FastBuild_NoBlob.ActiveCfg = Release_FastBuild_NoBlob_vs2019|x64
		{2093F67D-893F-9F48-CE9C-D33ABE1E2BFF}.Release|MSBuild.ActiveCfg = Release_MSBuild_vs2019|x64
		{2093F67D-893F-9F48-CE9C-D33ABE1E2BFF}.Release|MSBuild.Build.0 = Release_MSBuild_vs2019|x64
		{D6CD0AF8-4246-8B90-F4CC-FFEED89FA8C7}.Debug|FastBuild.ActiveCfg = Debug_FastBuild_vs2019|x64
		{D6CD0AF8-4246-8B90-F4CC-FFEED89FA8C7}.Debug|FastBuild_NoBlob.ActiveCfg = Debug_FastBuild_NoBlob_vs2019|x64
		{D6CD0AF8-4246-8B90-F4CC-FFEED89FA8C7}.Debug|MSBuild.ActiveCfg = Debug_MSBuild_vs2019|x64
		{D6CD0AF8-4246-8B90-F4CC-FFEED89FA8C7}.Debug|MSBuild.Build.0 = Debug_MSBuild_vs2019|x64
		{D6CD0AF8-4246-8B90-F4CC-FFEED89FA8C7}.Release|FastBuild.ActiveCfg = Release_FastBuild_vs2019|x64
		{D6CD0AF8-4246-8B90-F4CC-FFEED89FA8C7}.Release|FastBuild_NoBlob.ActiveCfg = Release_FastBuild_NoBlob_vs2019|x64
		{D6CD0AF8-4246-8B90-F4CC-FFEED89FA8C7}.Release|MSBuild.ActiveCfg = Release_MSBuild_vs2019|x64
		{D6CD0AF8-4246-8B90-F4CC-FFEED89FA8C7}.Release|MSBuild.Build.0 = Release_MSBuild_vs2019|x64
		{6644576B-DABD-B111-1BB5-47804F5CE2DC}.Debug|FastBuild.ActiveCfg = Debug_FastBuild_vs2019|x64
		{6644576B-DABD-B111-1BB5-47804F5CE2DC}.Debug|FastBuild_NoBlob.ActiveCfg = Debug_FastBuild_NoBlob_vs2019|x64
		{6644576B-DABD-B111-1BB5-47804F5CE2DC}.Debug|MSBuild.ActiveCfg = Debug_MSBuild_vs2019|x64
		{6644576B-DABD-B111-1BB5-47804F5CE2DC}.Debug|MSBuild.Build.0 = Debug_MSBuild_vs2019|x64
		{6644576B-DABD-B111-1BB5-47804F5CE2DC}.Release|FastBuild.ActiveCfg = Release_FastBuild_vs2019|x64
		{6644576B-DABD-B111-1BB5-47804F5CE2DC}.Release|FastBuild_NoBlob.ActiveCfg = Release_FastBuild_NoBlob_vs2019|x64
		{6644576B-DABD-B111-1BB5-47804F5CE2DC}.Release|MSBuild.ActiveCfg = Release_MSBuild_vs2019|x64
		{6644576B-DABD-B111-1BB5-47804F5CE2DC}.Release|MSBuild.Build.0 = Release_MSBuild_vs2019|x64
		{907F7CFF-3D45-EE04-7085-E9E2DB067942}.Debug|FastBuild.ActiveCfg = Debug_FastBuild_vs2019|x64
		{907F7CFF-3D45-EE04-7085-E9E2DB067942}.Debug|FastBuild_NoBlob.ActiveCfg = Debug_FastBuild_NoBlob_vs2019|x64
		{907F7CFF-3D45-EE04-7085-E9E2DB067942}.Debug|MSBuild.ActiveCfg = Debug_MSBuild_vs2019|x64
		{907F7CFF-3D45-EE04-7085-E9E2DB067942}.Debug|MSBuild.Build.0 = Debug_MSBuild_vs2019|x64
		{907F7CFF-3D45-EE04-7085-E9E2DB067942}.Release|FastBuild.ActiveCfg = Release_FastBuild_vs2019|x64
		{907F7CFF-3D45-EE04-7085-E9E2DB067942}.Release|FastBuild_NoBlob.ActiveCfg = Release_FastBuild_NoBlob_vs2019|x64
		{907F7CFF-3D45-EE04-7085-E9E2DB067942}.Release|MSBuild.ActiveCfg = Release_MSBuild_vs2019|x64
		{907F7CFF-3D45-EE04-7085-E9E2DB067942}.Release|MSBuild.Build.0 = Release_MSBuild_vs2019|x64
		{66831DE7-5D2E-C368-ABD4-4F45E76AAFF3}.Debug|FastBuild.ActiveCfg = Debug_FastBuild_vs2019|x64
		{66831DE7-5D2E-C368-ABD4-4F45E76AAFF3}.Debug|FastBuild_NoBlob.ActiveCfg = Debug_FastBuild_NoBlob_vs2019|x64
		{66831DE7-5D2E-C368-ABD4-4F45E76AAFF3}.Debug|MSBuild.ActiveCfg = Debug_MSBuild_vs2019|x64
		{66831DE7-5D2E-C368-ABD4-4F45E76AAFF3}.Debug|MSBuild.Build.0 = Debug_MSBuild_vs2019|x64
		{66831DE7-5D2E-C368-ABD4-4F45E76AAFF3}.Release|FastBuild.ActiveCfg = Release_FastBuild_vs2019|x64
		{66831DE7-5D2E-C368-ABD4-4F45E76AAFF3}.Release|FastBuild_NoBlob.ActiveCfg = Release_FastBuild_NoBlob_vs2019|x64
		{66831DE7-5D2E-C368-ABD4-4F45E76AAFF3}.Release|MSBuild.ActiveCfg = Release_MSBuild_vs2019|x64
		{66831DE7-5D2E-C368-ABD4-4F45E76AAFF3}.Release|MSBuild.Build.0 = Release_MSBuild_vs2019|x64
		{42927944-97F0-ACD6-0787-AB607A15027F}.Debug|FastBuild.ActiveCfg = Debug_FastBuild_vs2019|x64
		{42927944-97F0-ACD6-0787-AB607A15027F}.Debug|FastBuild_NoBlob.ActiveCfg = Debug_FastBuild_NoBlob_vs2019|x64
		{42927944-97F0-ACD6-0787-AB607A15027F}.Debug|MSBuild.ActiveCfg = Debug_MSBuild_vs2019|x64
		{42927944-97F0-ACD6-0787-AB607A15027F}.Debug|MSBuild.Build.0 = Debug_MSBuild_vs2019|x64
		{42927944-97F0-ACD6-0787-AB607A15027F}.Release|FastBuild.ActiveCfg = Release_FastBuild_vs2019|x64
		{42927944-97F0-ACD6-0787-AB607A15027F}.Release|FastBuild_NoBlob.ActiveCfg = Release_FastBuild_NoBlob_vs2019|x64
		{42927944-97F0-ACD6-0787-AB607A15027F}.Release|MSBuild.ActiveCfg = Release_MSBuild_vs2019|x64
		{42927944-97F0-ACD6-0787-AB607A15027F}.Release|MSBuild.Build.0 = Release_MSBuild_vs2019|x64
		{9BA0D009-9D4F-6BD1-2245-32F2E42A6FA5}.Debug|FastBuild.ActiveCfg = Debug_FastBuild_NoBlob_vs2019|x64
		{9BA0D009-9D4F-6BD1-2245-32F2E42A6FA5}.Debug|FastBuild_NoBlob.ActiveCfg = Debug_FastBuild_NoBlob_vs2019|x64
		{9BA0D009-9D4F-6BD1-2245-32F2E42A6FA5}.Debug|MSBuild.ActiveCfg = Debug_FastBuild_NoBlob_vs2019|x64
		{9BA0D009-9D4F-6BD1-2245-32F2E42A6FA5}.Release|FastBuild.ActiveCfg = Release_FastBuild_NoBlob_vs2019|x64
		{9BA0D009-9D4F-6BD1-2245-32F2E42A6FA5}.Release|FastBuild_NoBlob.ActiveCfg = Release_FastBuild_NoBlob_vs2019|x64
		{9BA0D009-9D4F-6BD1-2245-32F2E42A6FA5}.Release|MSBuild.ActiveCfg = Release_FastBuild_NoBlob_vs2019|x64
		{8DF6E677-91F0-4434-28CE-36FEC6B2B858}.Debug|FastBuild.ActiveCfg = Debug_FastBuild_NoBlob_vs2019|x64
		{8DF6E677-91F0-4434-28CE-36FEC6B2B858}.Debug|FastBuild_NoBlob.ActiveCfg = Debug_FastBuild_NoBlob_vs2019|x64
		{8DF6E677-91F0-4434-28CE-36FEC6B2B858}.Debug|MSBuild.ActiveCfg = Debug_FastBuild_NoBlob_vs2019|x64
		{8DF6E677-91F0-4434-28CE-36FEC6B2B858}.Release|FastBuild.ActiveCfg = Release_FastBuild_NoBlob_vs2019|x64
		{8DF6E677-91F0-4434-28CE-36FEC6B2B858}.Release|FastBuild_NoBlob.ActiveCfg = Release_FastBuild_NoBlob_vs2019|x64
		{8DF6E677-91F0-4434-28CE-36FEC6B2B858}.Release|MSBuild.ActiveCfg = Release_FastBuild_NoBlob_vs2019|x64
		{09B70182-6E14-896B-E2DF-B4874B8125B1}.Debug|FastBuild.ActiveCfg = Debug_FastBuild_vs2019|x64
		{09B70182-6E14-896B-E2DF-B4874B8125B1}.Debug|FastBuild_NoBlob.ActiveCfg = Debug_FastBuild_vs2019|x64
		{09B70182-6E14-896B-E2DF-B4874B8125B1}.Debug|MSBuild.ActiveCfg = Debug_FastBuild_vs2019|x64
		{09B70182-6E14-896B-E2DF-B4874B8125B1}.Release|FastBuild.ActiveCfg = Release_FastBuild_vs2019|x64
		{09B70182-6E14-896B-E2DF-B4874B8125B1}.Release|FastBuild_NoBlob.ActiveCfg = Release_FastBuild_vs2019|x64
		{09B70182-6E14-896B-E2DF-B4874B8125B1}.Release|MSBuild.ActiveCfg = Release_FastBuild_vs2019|x64
		{4CAA3DED-3DBD-71FD-8F76-B3B8ADFA2035}.Debug|FastBuild.ActiveCfg = Debug_FastBuild_vs2019|x64
		{4CAA3DED-3DBD-71FD-8F76-B3B8ADFA2035}.Debug|FastBuild_NoBlob.ActiveCfg = Debug_FastBuild_vs2019|x64
		{4CAA3DED-3DBD-71FD-8F76-B3B8ADFA2035}.Debug|MSBuild.ActiveCfg = Debug_FastBuild_vs2019|x64
		{4CAA3DED-3DBD-71FD-8F76-B3B8ADFA2035}.Release|FastBuild.ActiveCfg = Release_FastBuild_vs2019|x64
		{4CAA3DED-3DBD-71FD-8F76-B3B8ADFA2035}.Release|FastBuild_NoBlob.ActiveCfg = Release_FastBuild_vs2019|x64
		{4CAA3DED-3DBD-71FD-8F76-B3B8ADFA2035}.Release|MSBuild.ActiveCfg = Release_FastBuild_vs2019|x64
		{CB3DB407-EB24-B12A-AAFB-A3BFFCA31040}.Debug|FastBuild.ActiveCfg = Debug_FastBuild_vs2019|x64
		{CB3DB407-EB24-B12A-AAFB-A3BFFCA31040}.Debug|FastBuild_NoBlob.ActiveCfg = Debug_FastBuild_vs2019|x64
		{CB3DB407-EB24-B12A-AAFB-A3BFFCA31040}.Debug|MSBuild.ActiveCfg = Debug_FastBuild_vs2019|x64
		{CB3DB407-EB24-B12A-AAFB-A3BFFCA31040}.Release|FastBuild.ActiveCfg = Release_FastBuild_vs2019|x64
		{CB3DB407-EB24-B12A-AAFB-A3BFFCA31040}.Release|FastBuild_NoBlob.ActiveCfg = Release_FastBuild_vs2019|x64
		{CB3DB407-EB24-B12A-AAFB-A3BFFCA31040}.Release|MSBuild.ActiveCfg = Release_FastBuild_vs2019|x64
		{3B88798D-8E0B-330F-7C31-7F761D686B03}.Debug|FastBuild.ActiveCfg = Debug_FastBuild_vs2019|x64
		{3B88798D-8E0B-330F-7C31-7F761D686B03}.Debug|FastBuild_NoBlob.ActiveCfg = Debug_FastBuild_NoBlob_vs2019|x64
		{3B88798D-8E0B-330F-7C31-7F761D686B03}.Debug|MSBuild.ActiveCfg = Debug_MSBuild_vs2019|x64
		{3B88798D-8E0B-330F-7C31-7F761D686B03}.Debug|MSBuild.Build.0 = Debug_MSBuild_vs2019|x64
		{3B88798D-8E0B-330F-7C31-7F761D686B03}.Release|FastBuild.ActiveCfg = Release_FastBuild_vs2019|x64
		{3B88798D-8E0B-330F-7C31-7F761D686B03}.Release|FastBuild_NoBlob.ActiveCfg = Release_FastBuild_NoBlob_vs2019|x64
		{3B88798D-8E0B-330F-7C31-7F761D686B03}.Release|MSBuild.ActiveCfg = Release_MSBuild_vs2019|x64
		{3B88798D-8E0B-330F-7C31-7F761D686B03}.Release|MSBuild.Build.0 = Release_MSBuild_vs2019|x64
	EndGlobalSection
	GlobalSection(SolutionProperties) = preSolution
		HideSolutionNode = FALSE
	EndGlobalSection
	GlobalSection(NestedProjects) = preSolution
		{6AE06EC2-B2C7-52F6-C657-FE1FFFA43666} = {DD960562-8A51-64E6-3C0C-70331C285B31}
	EndGlobalSection
EndGlobal
