Microsoft Visual Studio Solution File, Format Version 12.00
# Visual Studio Version 17
Project("{FAE04EC0-301F-11D3-BF4B-00C04F79EFBC}") = "CSharpVsix", "csharpvsix\CSharpVsix.vs2022.v4_7_2.csproj", "{4C9F6EEF-7F4D-6517-2359-603E7998C883}"
EndProject
Global
	GlobalSection(SolutionConfigurationPlatforms) = preSolution
		Debug|Any CPU = Debug|Any CPU
		Release|Any CPU = Release|Any CPU
	EndGlobalSection
	GlobalSection(ProjectConfigurationPlatforms) = postSolution
		{4C9F6EEF-7F4D-6517-2359-603E7998C883}.Debug|Any CPU.ActiveCfg = Debug|Any CPU
		{4C9F6EEF-7F4D-6517-2359-603E7998C883}.Debug|Any CPU.Build.0 = Debug|Any CPU
		{4C9F6EEF-7F4D-6517-2359-603E7998C883}.Release|Any CPU.ActiveCfg = Release|Any CPU
		{4C9F6EEF-7F4D-6517-2359-603E7998C883}.Release|Any CPU.Build.0 = Release|Any CPU
	EndGlobalSection
	GlobalSection(SolutionProperties) = preSolution
		HideSolutionNode = FALSE
	EndGlobalSection
EndGlobal
