Microsoft Visual Studio Solution File, Format Version 12.00
# Visual Studio Version 16
VisualStudioVersion = 16.0.29424.173
MinimumVisualStudioVersion = 10.0.40219.1
Project("{FAE04EC0-301F-11D3-BF4B-00C04F79EFBC}") = "TestCSharpConsole", "TestCSharpConsole.vs2019.v4_6_2.csproj", "{A6E0417E-7427-282B-F8CB-9F2A4882543D}"
EndProject
Project("{8BC9CEB8-8B4A-11D0-8D11-00A0C91BC942}") = "CLRCPPProj", "clrcppproj.vs2019.v4_6_2.vcxproj", "{050EF902-0303-39D4-1B02-2E62DE68F501}"
EndProject
Project("{FAE04EC0-301F-11D3-BF4B-00C04F79EFBC}") = "CSharpProjBuildOrderDependency", "CSharpProjBuildOrderDependency.vs2019.v4_6_2.csproj", "{20203136-87D4-8326-EEDC-676EFF6A2BE4}"
EndProject
Project("{FAE04EC0-301F-11D3-BF4B-00C04F79EFBC}") = "OtherCSharpProj", "OtherCSharpProj.vs2019.v4_6_2.csproj", "{0F0B5234-FCD8-1E42-5072-C6FFF3870C9B}"
EndProject
Project("{8BC9CEB8-8B4A-11D0-8D11-00A0C91BC942}") = "theEmptyCPPProject", "theemptycppproject.vs2019.v4_6_2.vcxproj", "{0BCBC674-3C8D-5295-B9C2-7CDC47ED8A55}"
EndProject
Global
	GlobalSection(SolutionConfigurationPlatforms) = preSolution
		Debug|Win32 = Debug|Win32
		Release|Win32 = Release|Win32
	EndGlobalSection
	GlobalSection(ProjectConfigurationPlatforms) = postSolution
		{A6E0417E-7427-282B-F8CB-9F2A4882543D}.Debug|Win32.ActiveCfg = Debug|x86
		{A6E0417E-7427-282B-F8CB-9F2A4882543D}.Debug|Win32.Build.0 = Debug|x86
		{A6E0417E-7427-282B-F8CB-9F2A4882543D}.Release|Win32.ActiveCfg = Release|x86
		{A6E0417E-7427-282B-F8CB-9F2A4882543D}.Release|Win32.Build.0 = Release|x86
		{050EF902-0303-39D4-1B02-2E62DE68F501}.Debug|Win32.ActiveCfg = Debug|Win32
		{050EF902-0303-39D4-1B02-2E62DE68F501}.Debug|Win32.Build.0 = Debug|Win32
		{050EF902-0303-39D4-1B02-2E62DE68F501}.Release|Win32.ActiveCfg = Release|Win32
		{050EF902-0303-39D4-1B02-2E62DE68F501}.Release|Win32.Build.0 = Release|Win32
		{20203136-87D4-8326-EEDC-676EFF6A2BE4}.Debug|Win32.ActiveCfg = Debug|x86
		{20203136-87D4-8326-EEDC-676EFF6A2BE4}.Debug|Win32.Build.0 = Debug|x86
		{20203136-87D4-8326-EEDC-676EFF6A2BE4}.Release|Win32.ActiveCfg = Release|x86
		{20203136-87D4-8326-EEDC-676EFF6A2BE4}.Release|Win32.Build.0 = Release|x86
		{0F0B5234-FCD8-1E42-5072-C6FFF3870C9B}.Debug|Win32.ActiveCfg = Debug|x86
		{0F0B5234-FCD8-1E42-5072-C6FFF3870C9B}.Debug|Win32.Build.0 = Debug|x86
		{0F0B5234-FCD8-1E42-5072-C6FFF3870C9B}.Release|Win32.ActiveCfg = Release|x86
		{0F0B5234-FCD8-1E42-5072-C6FFF3870C9B}.Release|Win32.Build.0 = Release|x86
		{0BCBC674-3C8D-5295-B9C2-7CDC47ED8A55}.Debug|Win32.ActiveCfg = Debug|Win32
		{0BCBC674-3C8D-5295-B9C2-7CDC47ED8A55}.Debug|Win32.Build.0 = Debug|Win32
		{0BCBC674-3C8D-5295-B9C2-7CDC47ED8A55}.Release|Win32.ActiveCfg = Release|Win32
		{0BCBC674-3C8D-5295-B9C2-7CDC47ED8A55}.Release|Win32.Build.0 = Release|Win32
	EndGlobalSection
	GlobalSection(SolutionProperties) = preSolution
		HideSolutionNode = FALSE
	EndGlobalSection
EndGlobal
