Microsoft Visual Studio Solution File, Format Version 12.00
# Visual Studio 2012
Project("{8BC9CEB8-8B4A-11D0-8D11-00A0C91BC942}") = "CLRCPPProj", "clrcppproj.vs2012.win32.v4_5.vcxproj", "{88E55890-455C-853D-6EAE-C521C9869F38}"
EndProject
Project("{FAE04EC0-301F-11D3-BF4B-00C04F79EFBC}") = "OtherCSharpProj", "OtherCSharpProj.vs2012.v4_5.csproj", "{627FC7DE-C64A-F945-4EC5-B9B8E6115437}"
EndProject
Project("{FAE04EC0-301F-11D3-BF4B-00C04F79EFBC}") = "TestCSharpConsole", "TestCSharpConsole.vs2012.v4_5.csproj", "{F82228F5-F434-20BC-55A8-BCD6105A945A}"
EndProject
Project("{8BC9CEB8-8B4A-11D0-8D11-00A0C91BC942}") = "theEmptyCPPProject", "theemptycppproject.vs2012.win32.v4_5.vcxproj", "{125D5F84-388F-5E26-9A09-BFD9129BFB18}"
EndProject
Global
	GlobalSection(SolutionConfigurationPlatforms) = preSolution
		Debug|Win32 = Debug|Win32
		Release|Win32 = Release|Win32
	EndGlobalSection
	GlobalSection(ProjectConfigurationPlatforms) = postSolution
		{88E55890-455C-853D-6EAE-C521C9869F38}.Debug|Win32.ActiveCfg = Debug|Win32
		{88E55890-455C-853D-6EAE-C521C9869F38}.Debug|Win32.Build.0 = Debug|Win32
		{88E55890-455C-853D-6EAE-C521C9869F38}.Release|Win32.ActiveCfg = Release|Win32
		{88E55890-455C-853D-6EAE-C521C9869F38}.Release|Win32.Build.0 = Release|Win32
		{627FC7DE-C64A-F945-4EC5-B9B8E6115437}.Debug|Win32.ActiveCfg = Debug|x86
		{627FC7DE-C64A-F945-4EC5-B9B8E6115437}.Debug|Win32.Build.0 = Debug|x86
		{627FC7DE-C64A-F945-4EC5-B9B8E6115437}.Release|Win32.ActiveCfg = Release|x86
		{627FC7DE-C64A-F945-4EC5-B9B8E6115437}.Release|Win32.Build.0 = Release|x86
		{F82228F5-F434-20BC-55A8-BCD6105A945A}.Debug|Win32.ActiveCfg = Debug|x86
		{F82228F5-F434-20BC-55A8-BCD6105A945A}.Debug|Win32.Build.0 = Debug|x86
		{F82228F5-F434-20BC-55A8-BCD6105A945A}.Release|Win32.ActiveCfg = Release|x86
		{F82228F5-F434-20BC-55A8-BCD6105A945A}.Release|Win32.Build.0 = Release|x86
		{125D5F84-388F-5E26-9A09-BFD9129BFB18}.Debug|Win32.ActiveCfg = Debug|Win32
		{125D5F84-388F-5E26-9A09-BFD9129BFB18}.Debug|Win32.Build.0 = Debug|Win32
		{125D5F84-388F-5E26-9A09-BFD9129BFB18}.Release|Win32.ActiveCfg = Release|Win32
		{125D5F84-388F-5E26-9A09-BFD9129BFB18}.Release|Win32.Build.0 = Release|Win32
	EndGlobalSection
	GlobalSection(SolutionProperties) = preSolution
		HideSolutionNode = FALSE
	EndGlobalSection
EndGlobal
