Microsoft Visual Studio Solution File, Format Version 12.00
# Visual Studio 2013
Project("{FAE04EC0-301F-11D3-BF4B-00C04F79EFBC}") = "TestCSharpConsole", "TestCSharpConsole.vs2013.v4_5.csproj", "{F61F6F18-1E05-ABF0-AC54-075D3CEE37E8}"
EndProject
Project("{8BC9CEB8-8B4A-11D0-8D11-00A0C91BC942}") = "CLRCPPProj", "clrcppproj.vs2013.win32.v4_5.vcxproj", "{D074CFCB-9A56-2C9E-0E1A-6F61D3019149}"
EndProject
Project("{FAE04EC0-301F-11D3-BF4B-00C04F79EFBC}") = "OtherCSharpProj", "OtherCSharpProj.vs2013.v4_5.csproj", "{759C24F2-36CB-CF65-D612-53B97BD66804}"
EndProject
Project("{8BC9CEB8-8B4A-11D0-8D11-00A0C91BC942}") = "theEmptyCPPProject", "theemptycppproject.vs2013.win32.v4_5.vcxproj", "{5ADDCAA4-2D12-A598-32A8-568456BCDB24}"
EndProject
Global
	GlobalSection(SolutionConfigurationPlatforms) = preSolution
		Debug|Win32 = Debug|Win32
		Release|Win32 = Release|Win32
	EndGlobalSection
	GlobalSection(ProjectConfigurationPlatforms) = postSolution
		{F61F6F18-1E05-ABF0-AC54-075D3CEE37E8}.Debug|Win32.ActiveCfg = Debug|x86
		{F61F6F18-1E05-ABF0-AC54-075D3CEE37E8}.Debug|Win32.Build.0 = Debug|x86
		{F61F6F18-1E05-ABF0-AC54-075D3CEE37E8}.Release|Win32.ActiveCfg = Release|x86
		{F61F6F18-1E05-ABF0-AC54-075D3CEE37E8}.Release|Win32.Build.0 = Release|x86
		{D074CFCB-9A56-2C9E-0E1A-6F61D3019149}.Debug|Win32.ActiveCfg = Debug|Win32
		{D074CFCB-9A56-2C9E-0E1A-6F61D3019149}.Debug|Win32.Build.0 = Debug|Win32
		{D074CFCB-9A56-2C9E-0E1A-6F61D3019149}.Release|Win32.ActiveCfg = Release|Win32
		{D074CFCB-9A56-2C9E-0E1A-6F61D3019149}.Release|Win32.Build.0 = Release|Win32
		{759C24F2-36CB-CF65-D612-53B97BD66804}.Debug|Win32.ActiveCfg = Debug|x86
		{759C24F2-36CB-CF65-D612-53B97BD66804}.Debug|Win32.Build.0 = Debug|x86
		{759C24F2-36CB-CF65-D612-53B97BD66804}.Release|Win32.ActiveCfg = Release|x86
		{759C24F2-36CB-CF65-D612-53B97BD66804}.Release|Win32.Build.0 = Release|x86
		{5ADDCAA4-2D12-A598-32A8-568456BCDB24}.Debug|Win32.ActiveCfg = Debug|Win32
		{5ADDCAA4-2D12-A598-32A8-568456BCDB24}.Debug|Win32.Build.0 = Debug|Win32
		{5ADDCAA4-2D12-A598-32A8-568456BCDB24}.Release|Win32.ActiveCfg = Release|Win32
		{5ADDCAA4-2D12-A598-32A8-568456BCDB24}.Release|Win32.Build.0 = Release|Win32
	EndGlobalSection
	GlobalSection(SolutionProperties) = preSolution
		HideSolutionNode = FALSE
	EndGlobalSection
EndGlobal
