Microsoft Visual Studio Solution File, Format Version 12.00
# Visual Studio 2012
Project("{8BC9CEB8-8B4A-11D0-8D11-00A0C91BC942}") = "CLRCPPProj", "clrcppproj.vs2012.win32.v4_0.vcxproj", "{A64E53BB-D807-8D6A-AB32-0FC4E6D6CAF7}"
EndProject
Project("{FAE04EC0-301F-11D3-BF4B-00C04F79EFBC}") = "OtherCSharpProj", "OtherCSharpProj.vs2012.v4_0.csproj", "{279AF877-FFCA-D84A-E795-A7F6FB2DE314}"
EndProject
Project("{FAE04EC0-301F-11D3-BF4B-00C04F79EFBC}") = "TestCSharpConsole", "TestCSharpConsole.vs2012.v4_0.csproj", "{93DD6D05-DE90-F8D0-02D5-659C1E8E6823}"
EndProject
Project("{8BC9CEB8-8B4A-11D0-8D11-00A0C91BC942}") = "theEmptyCPPProject", "theemptycppproject.vs2012.win32.v4_0.vcxproj", "{10322358-AB0E-C64A-9B68-4C00F4A8B3CB}"
EndProject
Global
	GlobalSection(SolutionConfigurationPlatforms) = preSolution
		Debug|Win32 = Debug|Win32
		Release|Win32 = Release|Win32
	EndGlobalSection
	GlobalSection(ProjectConfigurationPlatforms) = postSolution
		{A64E53BB-D807-8D6A-AB32-0FC4E6D6CAF7}.Debug|Win32.ActiveCfg = Debug|Win32
		{A64E53BB-D807-8D6A-AB32-0FC4E6D6CAF7}.Debug|Win32.Build.0 = Debug|Win32
		{A64E53BB-D807-8D6A-AB32-0FC4E6D6CAF7}.Release|Win32.ActiveCfg = Release|Win32
		{A64E53BB-D807-8D6A-AB32-0FC4E6D6CAF7}.Release|Win32.Build.0 = Release|Win32
		{279AF877-FFCA-D84A-E795-A7F6FB2DE314}.Debug|Win32.ActiveCfg = Debug|x86
		{279AF877-FFCA-D84A-E795-A7F6FB2DE314}.Debug|Win32.Build.0 = Debug|x86
		{279AF877-FFCA-D84A-E795-A7F6FB2DE314}.Release|Win32.ActiveCfg = Release|x86
		{279AF877-FFCA-D84A-E795-A7F6FB2DE314}.Release|Win32.Build.0 = Release|x86
		{93DD6D05-DE90-F8D0-02D5-659C1E8E6823}.Debug|Win32.ActiveCfg = Debug|x86
		{93DD6D05-DE90-F8D0-02D5-659C1E8E6823}.Debug|Win32.Build.0 = Debug|x86
		{93DD6D05-DE90-F8D0-02D5-659C1E8E6823}.Release|Win32.ActiveCfg = Release|x86
		{93DD6D05-DE90-F8D0-02D5-659C1E8E6823}.Release|Win32.Build.0 = Release|x86
		{10322358-AB0E-C64A-9B68-4C00F4A8B3CB}.Debug|Win32.ActiveCfg = Debug|Win32
		{10322358-AB0E-C64A-9B68-4C00F4A8B3CB}.Debug|Win32.Build.0 = Debug|Win32
		{10322358-AB0E-C64A-9B68-4C00F4A8B3CB}.Release|Win32.ActiveCfg = Release|Win32
		{10322358-AB0E-C64A-9B68-4C00F4A8B3CB}.Release|Win32.Build.0 = Release|Win32
	EndGlobalSection
	GlobalSection(SolutionProperties) = preSolution
		HideSolutionNode = FALSE
	EndGlobalSection
EndGlobal
