Microsoft Visual Studio Solution File, Format Version 11.00
# Visual Studio 2010
Project("{FAE04EC0-301F-11D3-BF4B-00C04F79EFBC}") = "TestCSharpConsole", "TestCSharpConsole.vs2010.v4_0.csproj", "{A87C5BFC-2CF8-70B9-83F9-34206094C453}"
EndProject
Project("{8BC9CEB8-8B4A-11D0-8D11-00A0C91BC942}") = "CLRCPPProj", "clrcppproj.vs2010.win32.v4_0.vcxproj", "{D0042AFE-3DD5-B526-B8E0-D02FE2D0FA1F}"
EndProject
Project("{FAE04EC0-301F-11D3-BF4B-00C04F79EFBC}") = "OtherCSharpProj", "OtherCSharpProj.vs2010.v4_0.csproj", "{D7A88EE7-5B3E-A3E7-9573-06E6382D665D}"
EndProject
Project("{8BC9CEB8-8B4A-11D0-8D11-00A0C91BC942}") = "theEmptyCPPProject", "theemptycppproject.vs2010.win32.v4_0.vcxproj", "{0C223088-2232-B854-873B-AEAF9A4A801A}"
EndProject
Global
	GlobalSection(SolutionConfigurationPlatforms) = preSolution
		Debug|Win32 = Debug|Win32
		Release|Win32 = Release|Win32
	EndGlobalSection
	GlobalSection(ProjectConfigurationPlatforms) = postSolution
		{A87C5BFC-2CF8-70B9-83F9-34206094C453}.Debug|Win32.ActiveCfg = Debug|x86
		{A87C5BFC-2CF8-70B9-83F9-34206094C453}.Debug|Win32.Build.0 = Debug|x86
		{A87C5BFC-2CF8-70B9-83F9-34206094C453}.Release|Win32.ActiveCfg = Release|x86
		{A87C5BFC-2CF8-70B9-83F9-34206094C453}.Release|Win32.Build.0 = Release|x86
		{D0042AFE-3DD5-B526-B8E0-D02FE2D0FA1F}.Debug|Win32.ActiveCfg = Debug|Win32
		{D0042AFE-3DD5-B526-B8E0-D02FE2D0FA1F}.Debug|Win32.Build.0 = Debug|Win32
		{D0042AFE-3DD5-B526-B8E0-D02FE2D0FA1F}.Release|Win32.ActiveCfg = Release|Win32
		{D0042AFE-3DD5-B526-B8E0-D02FE2D0FA1F}.Release|Win32.Build.0 = Release|Win32
		{D7A88EE7-5B3E-A3E7-9573-06E6382D665D}.Debug|Win32.ActiveCfg = Debug|x86
		{D7A88EE7-5B3E-A3E7-9573-06E6382D665D}.Debug|Win32.Build.0 = Debug|x86
		{D7A88EE7-5B3E-A3E7-9573-06E6382D665D}.Release|Win32.ActiveCfg = Release|x86
		{D7A88EE7-5B3E-A3E7-9573-06E6382D665D}.Release|Win32.Build.0 = Release|x86
		{0C223088-2232-B854-873B-AEAF9A4A801A}.Debug|Win32.ActiveCfg = Debug|Win32
		{0C223088-2232-B854-873B-AEAF9A4A801A}.Debug|Win32.Build.0 = Debug|Win32
		{0C223088-2232-B854-873B-AEAF9A4A801A}.Release|Win32.ActiveCfg = Release|Win32
		{0C223088-2232-B854-873B-AEAF9A4A801A}.Release|Win32.Build.0 = Release|Win32
	EndGlobalSection
	GlobalSection(SolutionProperties) = preSolution
		HideSolutionNode = FALSE
	EndGlobalSection
EndGlobal
