Microsoft Visual Studio Solution File, Format Version 11.00
# Visual Studio 2010
Project("{8BC9CEB8-8B4A-11D0-8D11-00A0C91BC942}") = "CLRCPPProj", "clrcppproj.vs2010.win32.v3_5.vcxproj", "{D3B558EA-10C8-D1EE-0FA0-03BD0EC310C7}"
EndProject
Project("{FAE04EC0-301F-11D3-BF4B-00C04F79EFBC}") = "OtherCSharpProj", "OtherCSharpProj.vs2010.v3_5.csproj", "{C831F8D4-EC9D-711A-8ACA-F95476E11F6B}"
EndProject
Project("{FAE04EC0-301F-11D3-BF4B-00C04F79EFBC}") = "TestCSharpConsole", "TestCSharpConsole.vs2010.v3_5.csproj", "{C6DDB954-D4EE-E471-6136-C93265E6BBFC}"
EndProject
Project("{8BC9CEB8-8B4A-11D0-8D11-00A0C91BC942}") = "theEmptyCPPProject", "theemptycppproject.vs2010.win32.v3_5.vcxproj", "{6C1FD861-F11F-01C2-A4ED-2C7C3D930B72}"
EndProject
Global
	GlobalSection(SolutionConfigurationPlatforms) = preSolution
		Debug|Win32 = Debug|Win32
		Release|Win32 = Release|Win32
	EndGlobalSection
	GlobalSection(ProjectConfigurationPlatforms) = postSolution
		{D3B558EA-10C8-D1EE-0FA0-03BD0EC310C7}.Debug|Win32.ActiveCfg = Debug|Win32
		{D3B558EA-10C8-D1EE-0FA0-03BD0EC310C7}.Debug|Win32.Build.0 = Debug|Win32
		{D3B558EA-10C8-D1EE-0FA0-03BD0EC310C7}.Release|Win32.ActiveCfg = Release|Win32
		{D3B558EA-10C8-D1EE-0FA0-03BD0EC310C7}.Release|Win32.Build.0 = Release|Win32
		{C831F8D4-EC9D-711A-8ACA-F95476E11F6B}.Debug|Win32.ActiveCfg = Debug|x86
		{C831F8D4-EC9D-711A-8ACA-F95476E11F6B}.Debug|Win32.Build.0 = Debug|x86
		{C831F8D4-EC9D-711A-8ACA-F95476E11F6B}.Release|Win32.ActiveCfg = Release|x86
		{C831F8D4-EC9D-711A-8ACA-F95476E11F6B}.Release|Win32.Build.0 = Release|x86
		{C6DDB954-D4EE-E471-6136-C93265E6BBFC}.Debug|Win32.ActiveCfg = Debug|x86
		{C6DDB954-D4EE-E471-6136-C93265E6BBFC}.Debug|Win32.Build.0 = Debug|x86
		{C6DDB954-D4EE-E471-6136-C93265E6BBFC}.Release|Win32.ActiveCfg = Release|x86
		{C6DDB954-D4EE-E471-6136-C93265E6BBFC}.Release|Win32.Build.0 = Release|x86
		{6C1FD861-F11F-01C2-A4ED-2C7C3D930B72}.Debug|Win32.ActiveCfg = Debug|Win32
		{6C1FD861-F11F-01C2-A4ED-2C7C3D930B72}.Debug|Win32.Build.0 = Debug|Win32
		{6C1FD861-F11F-01C2-A4ED-2C7C3D930B72}.Release|Win32.ActiveCfg = Release|Win32
		{6C1FD861-F11F-01C2-A4ED-2C7C3D930B72}.Release|Win32.Build.0 = Release|Win32
	EndGlobalSection
	GlobalSection(SolutionProperties) = preSolution
		HideSolutionNode = FALSE
	EndGlobalSection
EndGlobal
