Microsoft Visual Studio Solution File, Format Version 12.00
# Visual Studio 2013
Project("{FAE04EC0-301F-11D3-BF4B-00C04F79EFBC}") = "TestCSharpConsole", "TestCSharpConsole.vs2013.v3_5.csproj", "{36CDC52B-74B5-9A41-7735-DD3E6D5F3306}"
EndProject
Project("{8BC9CEB8-8B4A-11D0-8D11-00A0C91BC942}") = "CLRCPPProj", "clrcppproj.vs2013.win32.v3_5.vcxproj", "{89233761-D1E9-4369-2571-CF68DA9B2BA5}"
EndProject
Project("{FAE04EC0-301F-11D3-BF4B-00C04F79EFBC}") = "OtherCSharpProj", "OtherCSharpProj.vs2013.v3_5.csproj", "{91E3022D-1BEA-0257-DB12-04CF7A4304CB}"
EndProject
Project("{8BC9CEB8-8B4A-11D0-8D11-00A0C91BC942}") = "theEmptyCPPProject", "theemptycppproject.vs2013.win32.v3_5.vcxproj", "{E9AB507C-9D74-D185-433E-C7E85191B8B3}"
EndProject
Global
	GlobalSection(SolutionConfigurationPlatforms) = preSolution
		Debug|Win32 = Debug|Win32
		Release|Win32 = Release|Win32
	EndGlobalSection
	GlobalSection(ProjectConfigurationPlatforms) = postSolution
		{36CDC52B-74B5-9A41-7735-DD3E6D5F3306}.Debug|Win32.ActiveCfg = Debug|x86
		{36CDC52B-74B5-9A41-7735-DD3E6D5F3306}.Debug|Win32.Build.0 = Debug|x86
		{36CDC52B-74B5-9A41-7735-DD3E6D5F3306}.Release|Win32.ActiveCfg = Release|x86
		{36CDC52B-74B5-9A41-7735-DD3E6D5F3306}.Release|Win32.Build.0 = Release|x86
		{89233761-D1E9-4369-2571-CF68DA9B2BA5}.Debug|Win32.ActiveCfg = Debug|Win32
		{89233761-D1E9-4369-2571-CF68DA9B2BA5}.Debug|Win32.Build.0 = Debug|Win32
		{89233761-D1E9-4369-2571-CF68DA9B2BA5}.Release|Win32.ActiveCfg = Release|Win32
		{89233761-D1E9-4369-2571-CF68DA9B2BA5}.Release|Win32.Build.0 = Release|Win32
		{91E3022D-1BEA-0257-DB12-04CF7A4304CB}.Debug|Win32.ActiveCfg = Debug|x86
		{91E3022D-1BEA-0257-DB12-04CF7A4304CB}.Debug|Win32.Build.0 = Debug|x86
		{91E3022D-1BEA-0257-DB12-04CF7A4304CB}.Release|Win32.ActiveCfg = Release|x86
		{91E3022D-1BEA-0257-DB12-04CF7A4304CB}.Release|Win32.Build.0 = Release|x86
		{E9AB507C-9D74-D185-433E-C7E85191B8B3}.Debug|Win32.ActiveCfg = Debug|Win32
		{E9AB507C-9D74-D185-433E-C7E85191B8B3}.Debug|Win32.Build.0 = Debug|Win32
		{E9AB507C-9D74-D185-433E-C7E85191B8B3}.Release|Win32.ActiveCfg = Release|Win32
		{E9AB507C-9D74-D185-433E-C7E85191B8B3}.Release|Win32.Build.0 = Release|Win32
	EndGlobalSection
	GlobalSection(SolutionProperties) = preSolution
		HideSolutionNode = FALSE
	EndGlobalSection
EndGlobal
