Microsoft Visual Studio Solution File, Format Version 12.00
# Visual Studio 14
Project("{FAE04EC0-301F-11D3-BF4B-00C04F79EFBC}") = "TestCSharpConsole", "TestCSharpConsole.vs2015.v4_6_2.csproj", "{74DF3133-DAE6-D7BA-7D22-2B315B12A15D}"
EndProject
Project("{8BC9CEB8-8B4A-11D0-8D11-00A0C91BC942}") = "CLRCPPProj", "clrcppproj.vs2015.win32.v4_6_2.vcxproj", "{D800F074-C8CF-3FD3-ED2B-89270F8609AB}"
EndProject
Project("{FAE04EC0-301F-11D3-BF4B-00C04F79EFBC}") = "OtherCSharpProj", "OtherCSharpProj.vs2015.v4_6_2.csproj", "{BB6CDD07-FF5B-E66A-8544-15BB64C0C76B}"
EndProject
Project("{8BC9CEB8-8B4A-11D0-8D11-00A0C91BC942}") = "theEmptyCPPProject", "theemptycppproject.vs2015.win32.v4_6_2.vcxproj", "{63E61A44-9985-60A5-B7C5-7BDB9A47BF13}"
EndProject
Global
	GlobalSection(SolutionConfigurationPlatforms) = preSolution
		Debug|Win32 = Debug|Win32
		Release|Win32 = Release|Win32
	EndGlobalSection
	GlobalSection(ProjectConfigurationPlatforms) = postSolution
		{74DF3133-DAE6-D7BA-7D22-2B315B12A15D}.Debug|Win32.ActiveCfg = Debug|x86
		{74DF3133-DAE6-D7BA-7D22-2B315B12A15D}.Debug|Win32.Build.0 = Debug|x86
		{74DF3133-DAE6-D7BA-7D22-2B315B12A15D}.Release|Win32.ActiveCfg = Release|x86
		{74DF3133-DAE6-D7BA-7D22-2B315B12A15D}.Release|Win32.Build.0 = Release|x86
		{D800F074-C8CF-3FD3-ED2B-89270F8609AB}.Debug|Win32.ActiveCfg = Debug|Win32
		{D800F074-C8CF-3FD3-ED2B-89270F8609AB}.Debug|Win32.Build.0 = Debug|Win32
		{D800F074-C8CF-3FD3-ED2B-89270F8609AB}.Release|Win32.ActiveCfg = Release|Win32
		{D800F074-C8CF-3FD3-ED2B-89270F8609AB}.Release|Win32.Build.0 = Release|Win32
		{BB6CDD07-FF5B-E66A-8544-15BB64C0C76B}.Debug|Win32.ActiveCfg = Debug|x86
		{BB6CDD07-FF5B-E66A-8544-15BB64C0C76B}.Debug|Win32.Build.0 = Debug|x86
		{BB6CDD07-FF5B-E66A-8544-15BB64C0C76B}.Release|Win32.ActiveCfg = Release|x86
		{BB6CDD07-FF5B-E66A-8544-15BB64C0C76B}.Release|Win32.Build.0 = Release|x86
		{63E61A44-9985-60A5-B7C5-7BDB9A47BF13}.Debug|Win32.ActiveCfg = Debug|Win32
		{63E61A44-9985-60A5-B7C5-7BDB9A47BF13}.Debug|Win32.Build.0 = Debug|Win32
		{63E61A44-9985-60A5-B7C5-7BDB9A47BF13}.Release|Win32.ActiveCfg = Release|Win32
		{63E61A44-9985-60A5-B7C5-7BDB9A47BF13}.Release|Win32.Build.0 = Release|Win32
	EndGlobalSection
	GlobalSection(SolutionProperties) = preSolution
		HideSolutionNode = FALSE
	EndGlobalSection
EndGlobal
