Microsoft Visual Studio Solution File, Format Version 12.00
# Visual Studio 2012
Project("{FAE04EC0-301F-11D3-BF4B-00C04F79EFBC}") = "TestCSharpConsole", "TestCSharpConsole.vs2012.v3_5.csproj", "{980AE8EF-CEBA-5A67-4284-A756BF0DC214}"
EndProject
Project("{8BC9CEB8-8B4A-11D0-8D11-00A0C91BC942}") = "CLRCPPProj", "clrcppproj.vs2012.win32.v3_5.vcxproj", "{B890ED6D-16DC-9876-D2E8-5D57DEC80C8E}"
EndProject
Project("{FAE04EC0-301F-11D3-BF4B-00C04F79EFBC}") = "OtherCSharpProj", "OtherCSharpProj.vs2012.v3_5.csproj", "{EF0A8469-B6DB-75FF-1834-942E6D1E87E5}"
EndProject
Project("{8BC9CEB8-8B4A-11D0-8D11-00A0C91BC942}") = "theEmptyCPPProject", "theemptycppproject.vs2012.win32.v3_5.vcxproj", "{05CF0A9D-C290-DF4B-E796-4148D8B9FADA}"
EndProject
Global
	GlobalSection(SolutionConfigurationPlatforms) = preSolution
		Debug|Win32 = Debug|Win32
		Release|Win32 = Release|Win32
	EndGlobalSection
	GlobalSection(ProjectConfigurationPlatforms) = postSolution
		{980AE8EF-CEBA-5A67-4284-A756BF0DC214}.Debug|Win32.ActiveCfg = Debug|x86
		{980AE8EF-CEBA-5A67-4284-A756BF0DC214}.Debug|Win32.Build.0 = Debug|x86
		{980AE8EF-CEBA-5A67-4284-A756BF0DC214}.Release|Win32.ActiveCfg = Release|x86
		{980AE8EF-CEBA-5A67-4284-A756BF0DC214}.Release|Win32.Build.0 = Release|x86
		{B890ED6D-16DC-9876-D2E8-5D57DEC80C8E}.Debug|Win32.ActiveCfg = Debug|Win32
		{B890ED6D-16DC-9876-D2E8-5D57DEC80C8E}.Debug|Win32.Build.0 = Debug|Win32
		{B890ED6D-16DC-9876-D2E8-5D57DEC80C8E}.Release|Win32.ActiveCfg = Release|Win32
		{B890ED6D-16DC-9876-D2E8-5D57DEC80C8E}.Release|Win32.Build.0 = Release|Win32
		{EF0A8469-B6DB-75FF-1834-942E6D1E87E5}.Debug|Win32.ActiveCfg = Debug|x86
		{EF0A8469-B6DB-75FF-1834-942E6D1E87E5}.Debug|Win32.Build.0 = Debug|x86
		{EF0A8469-B6DB-75FF-1834-942E6D1E87E5}.Release|Win32.ActiveCfg = Release|x86
		{EF0A8469-B6DB-75FF-1834-942E6D1E87E5}.Release|Win32.Build.0 = Release|x86
		{05CF0A9D-C290-DF4B-E796-4148D8B9FADA}.Debug|Win32.ActiveCfg = Debug|Win32
		{05CF0A9D-C290-DF4B-E796-4148D8B9FADA}.Debug|Win32.Build.0 = Debug|Win32
		{05CF0A9D-C290-DF4B-E796-4148D8B9FADA}.Release|Win32.ActiveCfg = Release|Win32
		{05CF0A9D-C290-DF4B-E796-4148D8B9FADA}.Release|Win32.Build.0 = Release|Win32
	EndGlobalSection
	GlobalSection(SolutionProperties) = preSolution
		HideSolutionNode = FALSE
	EndGlobalSection
EndGlobal
