Microsoft Visual Studio Solution File, Format Version 12.00
# Visual Studio Version 17
Project("{FAE04EC0-301F-11D3-BF4B-00C04F79EFBC}") = "TestCSharpConsole", "TestCSharpConsole.vs2022.v4_7_2.csproj", "{7C9A849E-6A2B-0A6D-6CF5-333857D222A6}"
EndProject
Project("{8BC9CEB8-8B4A-11D0-8D11-00A0C91BC942}") = "CLRCPPProj", "clrcppproj.vs2022.v4_7_2.vcxproj", "{8D02FD8F-4FAD-DA3A-F993-716DF68A16CA}"
EndProject
Project("{FAE04EC0-301F-11D3-BF4B-00C04F79EFBC}") = "CSharpProjBuildOrderDependency", "CSharpProjBuildOrderDependency.vs2022.v4_7_2.csproj", "{FCE70296-BFEE-87F2-6BB4-6EDA713DA129}"
EndProject
Project("{FAE04EC0-301F-11D3-BF4B-00C04F79EFBC}") = "OtherCSharpProj", "OtherCSharpProj.vs2022.v4_7_2.csproj", "{C67510CE-FE51-F409-686E-F1DFBD047DAA}"
EndProject
Project("{8BC9CEB8-8B4A-11D0-8D11-00A0C91BC942}") = "theEmptyCPPProject", "theemptycppproject.vs2022.v4_7_2.vcxproj", "{73752EE3-3CA0-703C-E295-427A8187946C}"
EndProject
Global
	GlobalSection(SolutionConfigurationPlatforms) = preSolution
		Debug|Win32 = Debug|Win32
		Release|Win32 = Release|Win32
	EndGlobalSection
	GlobalSection(ProjectConfigurationPlatforms) = postSolution
		{7C9A849E-6A2B-0A6D-6CF5-333857D222A6}.Debug|Win32.ActiveCfg = Debug|x86
		{7C9A849E-6A2B-0A6D-6CF5-333857D222A6}.Debug|Win32.Build.0 = Debug|x86
		{7C9A849E-6A2B-0A6D-6CF5-333857D222A6}.Release|Win32.ActiveCfg = Release|x86
		{7C9A849E-6A2B-0A6D-6CF5-333857D222A6}.Release|Win32.Build.0 = Release|x86
		{8D02FD8F-4FAD-DA3A-F993-716DF68A16CA}.Debug|Win32.ActiveCfg = Debug|Win32
		{8D02FD8F-4FAD-DA3A-F993-716DF68A16CA}.Debug|Win32.Build.0 = Debug|Win32
		{8D02FD8F-4FAD-DA3A-F993-716DF68A16CA}.Release|Win32.ActiveCfg = Release|Win32
		{8D02FD8F-4FAD-DA3A-F993-716DF68A16CA}.Release|Win32.Build.0 = Release|Win32
		{FCE70296-BFEE-87F2-6BB4-6EDA713DA129}.Debug|Win32.ActiveCfg = Debug|x86
		{FCE70296-BFEE-87F2-6BB4-6EDA713DA129}.Debug|Win32.Build.0 = Debug|x86
		{FCE70296-BFEE-87F2-6BB4-6EDA713DA129}.Release|Win32.ActiveCfg = Release|x86
		{FCE70296-BFEE-87F2-6BB4-6EDA713DA129}.Release|Win32.Build.0 = Release|x86
		{C67510CE-FE51-F409-686E-F1DFBD047DAA}.Debug|Win32.ActiveCfg = Debug|x86
		{C67510CE-FE51-F409-686E-F1DFBD047DAA}.Debug|Win32.Build.0 = Debug|x86
		{C67510CE-FE51-F409-686E-F1DFBD047DAA}.Release|Win32.ActiveCfg = Release|x86
		{C67510CE-FE51-F409-686E-F1DFBD047DAA}.Release|Win32.Build.0 = Release|x86
		{73752EE3-3CA0-703C-E295-427A8187946C}.Debug|Win32.ActiveCfg = Debug|Win32
		{73752EE3-3CA0-703C-E295-427A8187946C}.Debug|Win32.Build.0 = Debug|Win32
		{73752EE3-3CA0-703C-E295-427A8187946C}.Release|Win32.ActiveCfg = Release|Win32
		{73752EE3-3CA0-703C-E295-427A8187946C}.Release|Win32.Build.0 = Release|Win32
	EndGlobalSection
	GlobalSection(SolutionProperties) = preSolution
		HideSolutionNode = FALSE
	EndGlobalSection
EndGlobal
