Microsoft Visual Studio Solution File, Format Version 12.00
# Visual Studio 2013
Project("{8BC9CEB8-8B4A-11D0-8D11-00A0C91BC942}") = "CLRCPPProj", "clrcppproj.vs2013.win32.v4_0.vcxproj", "{A6A40329-0A1C-94A3-C4A6-1A9D2D56257F}"
EndProject
Project("{FAE04EC0-301F-11D3-BF4B-00C04F79EFBC}") = "OtherCSharpProj", "OtherCSharpProj.vs2013.v4_0.csproj", "{68A18CF4-5D45-F6D4-6485-01CC9642F7B4}"
EndProject
Project("{FAE04EC0-301F-11D3-BF4B-00C04F79EFBC}") = "TestCSharpConsole", "TestCSharpConsole.vs2013.v4_0.csproj", "{3058C5A5-D3F1-7199-916F-D0331FAB2D89}"
EndProject
Project("{8BC9CEB8-8B4A-11D0-8D11-00A0C91BC942}") = "theEmptyCPPProject", "theemptycppproject.vs2013.win32.v4_0.vcxproj", "{7298F605-6D0C-A514-FC93-6C3F20A01D4A}"
EndProject
Global
	GlobalSection(SolutionConfigurationPlatforms) = preSolution
		Debug|Win32 = Debug|Win32
		Release|Win32 = Release|Win32
	EndGlobalSection
	GlobalSection(ProjectConfigurationPlatforms) = postSolution
		{A6A40329-0A1C-94A3-C4A6-1A9D2D56257F}.Debug|Win32.ActiveCfg = Debug|Win32
		{A6A40329-0A1C-94A3-C4A6-1A9D2D56257F}.Debug|Win32.Build.0 = Debug|Win32
		{A6A40329-0A1C-94A3-C4A6-1A9D2D56257F}.Release|Win32.ActiveCfg = Release|Win32
		{A6A40329-0A1C-94A3-C4A6-1A9D2D56257F}.Release|Win32.Build.0 = Release|Win32
		{68A18CF4-5D45-F6D4-6485-01CC9642F7B4}.Debug|Win32.ActiveCfg = Debug|x86
		{68A18CF4-5D45-F6D4-6485-01CC9642F7B4}.Debug|Win32.Build.0 = Debug|x86
		{68A18CF4-5D45-F6D4-6485-01CC9642F7B4}.Release|Win32.ActiveCfg = Release|x86
		{68A18CF4-5D45-F6D4-6485-01CC9642F7B4}.Release|Win32.Build.0 = Release|x86
		{3058C5A5-D3F1-7199-916F-D0331FAB2D89}.Debug|Win32.ActiveCfg = Debug|x86
		{3058C5A5-D3F1-7199-916F-D0331FAB2D89}.Debug|Win32.Build.0 = Debug|x86
		{3058C5A5-D3F1-7199-916F-D0331FAB2D89}.Release|Win32.ActiveCfg = Release|x86
		{3058C5A5-D3F1-7199-916F-D0331FAB2D89}.Release|Win32.Build.0 = Release|x86
		{7298F605-6D0C-A514-FC93-6C3F20A01D4A}.Debug|Win32.ActiveCfg = Debug|Win32
		{7298F605-6D0C-A514-FC93-6C3F20A01D4A}.Debug|Win32.Build.0 = Debug|Win32
		{7298F605-6D0C-A514-FC93-6C3F20A01D4A}.Release|Win32.ActiveCfg = Release|Win32
		{7298F605-6D0C-A514-FC93-6C3F20A01D4A}.Release|Win32.Build.0 = Release|Win32
	EndGlobalSection
	GlobalSection(SolutionProperties) = preSolution
		HideSolutionNode = FALSE
	EndGlobalSection
EndGlobal
