<?xml version="1.0" encoding="utf-8"?>
<Project ToolsVersion="17.0" xmlns="http://schemas.microsoft.com/developer/msbuild/2003">
  <ItemGroup>
    <ClCompile Include="..\codebase\ChildProject\main.cpp" />
    <ClCompile Include="..\codebase\ChildProject\stdafx.cpp" />
  </ItemGroup>
  <ItemGroup>
    <ClInclude Include="..\codebase\ChildProject\stdafx.h" />
  </ItemGroup>
</Project>